// !$*UTF8*$!
{
	archiveVersion = 1;
	classes = {
	};
	objectVersion = 55;
	objects = {

/* Begin PBXBuildFile section */
		C4C08B7B2832076B00364704 /* HomeModel.swift in Sources */ = {isa = PBXBuildFile; fileRef = C4C08B7A2832076B00364704 /* HomeModel.swift */; };
		C4C08B7D2832077800364704 /* HomeViewModel.swift in Sources */ = {isa = PBXBuildFile; fileRef = C4C08B7C2832077800364704 /* HomeViewModel.swift */; };
		C4C08B84283207B100364704 /* CategoryModels.swift in Sources */ = {isa = PBXBuildFile; fileRef = C4C08B83283207B100364704 /* CategoryModels.swift */; };
		C4C08B8A283207CB00364704 /* CategoryViewModel.swift in Sources */ = {isa = PBXBuildFile; fileRef = C4C08B89283207CB00364704 /* CategoryViewModel.swift */; };
		C4C08B8C283207E200364704 /* CategoryBaseCoordinator.swift in Sources */ = {isa = PBXBuildFile; fileRef = C4C08B8B283207E200364704 /* CategoryBaseCoordinator.swift */; };
		C4C08B8E283207F200364704 /* CategoryCoordinator.swift in Sources */ = {isa = PBXBuildFile; fileRef = C4C08B8D283207F200364704 /* CategoryCoordinator.swift */; };
		C4C08B9128320CCB00364704 /* CategoryViewController.swift in Sources */ = {isa = PBXBuildFile; fileRef = C4C08B8F28320CCB00364704 /* CategoryViewController.swift */; };
		C4C08B9228320CCB00364704 /* CategoryViewController.xib in Resources */ = {isa = PBXBuildFile; fileRef = C4C08B9028320CCB00364704 /* CategoryViewController.xib */; };
		C4C08B94283212D900364704 /* AppAppearance.swift in Sources */ = {isa = PBXBuildFile; fileRef = C4C08B93283212D900364704 /* AppAppearance.swift */; };
		C4C08B9B283216C100364704 /* ShoppingCartModel.swift in Sources */ = {isa = PBXBuildFile; fileRef = C4C08B9A283216C100364704 /* ShoppingCartModel.swift */; };
		C4C08B9D283216D000364704 /* ShoppingCartViewModel.swift in Sources */ = {isa = PBXBuildFile; fileRef = C4C08B9C283216D000364704 /* ShoppingCartViewModel.swift */; };
		C4C08BA0283216EC00364704 /* ShoppingCartViewController.swift in Sources */ = {isa = PBXBuildFile; fileRef = C4C08B9E283216EC00364704 /* ShoppingCartViewController.swift */; };
		C4C08BA1283216EC00364704 /* ShoppingCartViewController.xib in Resources */ = {isa = PBXBuildFile; fileRef = C4C08B9F283216EC00364704 /* ShoppingCartViewController.xib */; };
		C4C08BA32832172200364704 /* ShoppingCartBaseCoordinator.swift in Sources */ = {isa = PBXBuildFile; fileRef = C4C08BA22832172200364704 /* ShoppingCartBaseCoordinator.swift */; };
		C4C08BA52832172D00364704 /* ShoppingCartCoordinator.swift in Sources */ = {isa = PBXBuildFile; fileRef = C4C08BA42832172D00364704 /* ShoppingCartCoordinator.swift */; };
		C4C08BAC28321A5700364704 /* ProfileModel.swift in Sources */ = {isa = PBXBuildFile; fileRef = C4C08BAB28321A5700364704 /* ProfileModel.swift */; };
		C4C08BAF28321A6400364704 /* ProfileViewController.swift in Sources */ = {isa = PBXBuildFile; fileRef = C4C08BAD28321A6400364704 /* ProfileViewController.swift */; };
		C4C08BB028321A6400364704 /* ProfileViewController.xib in Resources */ = {isa = PBXBuildFile; fileRef = C4C08BAE28321A6400364704 /* ProfileViewController.xib */; };
		C4C08BB228321A6F00364704 /* ProfileViewModel.swift in Sources */ = {isa = PBXBuildFile; fileRef = C4C08BB128321A6F00364704 /* ProfileViewModel.swift */; };
		C4C08BB428321A7900364704 /* ProfileBaseCoordinator.swift in Sources */ = {isa = PBXBuildFile; fileRef = C4C08BB328321A7900364704 /* ProfileBaseCoordinator.swift */; };
		C4C08BB628321A8400364704 /* ProfileCoordinator.swift in Sources */ = {isa = PBXBuildFile; fileRef = C4C08BB528321A8400364704 /* ProfileCoordinator.swift */; };
		C4C08BBD28321D5A00364704 /* SearchViewController.swift in Sources */ = {isa = PBXBuildFile; fileRef = C4C08BBB28321D5A00364704 /* SearchViewController.swift */; };
		C4C08BBE28321D5A00364704 /* SearchViewController.xib in Resources */ = {isa = PBXBuildFile; fileRef = C4C08BBC28321D5A00364704 /* SearchViewController.xib */; };
		C4C08BC028321D8F00364704 /* SearchViewModel.swift in Sources */ = {isa = PBXBuildFile; fileRef = C4C08BBF28321D8F00364704 /* SearchViewModel.swift */; };
		C4CDB90C2830E31D0000519A /* AppDelegate.swift in Sources */ = {isa = PBXBuildFile; fileRef = C4CDB90B2830E31D0000519A /* AppDelegate.swift */; };
		C4CDB90E2830E31D0000519A /* SceneDelegate.swift in Sources */ = {isa = PBXBuildFile; fileRef = C4CDB90D2830E31D0000519A /* SceneDelegate.swift */; };
		C4CDB9162830E31D0000519A /* Mercury_Store.xcdatamodeld in Sources */ = {isa = PBXBuildFile; fileRef = C4CDB9142830E31D0000519A /* Mercury_Store.xcdatamodeld */; };
		C4CDB9182830E3210000519A /* Assets.xcassets in Resources */ = {isa = PBXBuildFile; fileRef = C4CDB9172830E3210000519A /* Assets.xcassets */; };
		C4CDB91B2830E3210000519A /* LaunchScreen.storyboard in Resources */ = {isa = PBXBuildFile; fileRef = C4CDB9192830E3210000519A /* LaunchScreen.storyboard */; };
		C4CDB9262830E3220000519A /* Mercury_StoreTests.swift in Sources */ = {isa = PBXBuildFile; fileRef = C4CDB9252830E3220000519A /* Mercury_StoreTests.swift */; };
		C4CDB9302830E3220000519A /* Mercury_StoreUITests.swift in Sources */ = {isa = PBXBuildFile; fileRef = C4CDB92F2830E3220000519A /* Mercury_StoreUITests.swift */; };
		C4CDB9322830E3220000519A /* Mercury_StoreUITestsLaunchTests.swift in Sources */ = {isa = PBXBuildFile; fileRef = C4CDB9312830E3220000519A /* Mercury_StoreUITestsLaunchTests.swift */; };
		C4CDB9442831F2A00000519A /* Coordinator.swift in Sources */ = {isa = PBXBuildFile; fileRef = C4CDB9432831F2A00000519A /* Coordinator.swift */; };
		C4CDB9462831F2F10000519A /* MainBaseCoordinator.swift in Sources */ = {isa = PBXBuildFile; fileRef = C4CDB9452831F2F10000519A /* MainBaseCoordinator.swift */; };
		C4CDB9482831F3340000519A /* MainCoordinator.swift in Sources */ = {isa = PBXBuildFile; fileRef = C4CDB9472831F3340000519A /* MainCoordinator.swift */; };
		C4CDB94F2831F6D20000519A /* HomeBaseCoordinator.swift in Sources */ = {isa = PBXBuildFile; fileRef = C4CDB94E2831F6D20000519A /* HomeBaseCoordinator.swift */; };
		C4CDB9512831F6FA0000519A /* HomeCoordinator.swift in Sources */ = {isa = PBXBuildFile; fileRef = C4CDB9502831F6FA0000519A /* HomeCoordinator.swift */; };
		C4CDB9552831FF130000519A /* DeepLinkBaseCoordinator.swift in Sources */ = {isa = PBXBuildFile; fileRef = C4CDB9542831FF130000519A /* DeepLinkBaseCoordinator.swift */; };
		C4CDB9572831FF300000519A /* DeepLinkCoordinator.swift in Sources */ = {isa = PBXBuildFile; fileRef = C4CDB9562831FF300000519A /* DeepLinkCoordinator.swift */; };
		C4CDB95A2832022E0000519A /* HomeViewController.swift in Sources */ = {isa = PBXBuildFile; fileRef = C4CDB9582832022E0000519A /* HomeViewController.swift */; };
		C4CDB95B2832022E0000519A /* HomeViewController.xib in Resources */ = {isa = PBXBuildFile; fileRef = C4CDB9592832022E0000519A /* HomeViewController.xib */; };
/* End PBXBuildFile section */

/* Begin PBXContainerItemProxy section */
		C4CDB9222830E3220000519A /* PBXContainerItemProxy */ = {
			isa = PBXContainerItemProxy;
			containerPortal = C4CDB9002830E31D0000519A /* Project object */;
			proxyType = 1;
			remoteGlobalIDString = C4CDB9072830E31D0000519A;
			remoteInfo = "Mercury-Store";
		};
		C4CDB92C2830E3220000519A /* PBXContainerItemProxy */ = {
			isa = PBXContainerItemProxy;
			containerPortal = C4CDB9002830E31D0000519A /* Project object */;
			proxyType = 1;
			remoteGlobalIDString = C4CDB9072830E31D0000519A;
			remoteInfo = "Mercury-Store";
		};
/* End PBXContainerItemProxy section */

/* Begin PBXFileReference section */
		C4C08B7A2832076B00364704 /* HomeModel.swift */ = {isa = PBXFileReference; lastKnownFileType = sourcecode.swift; path = HomeModel.swift; sourceTree = "<group>"; };
		C4C08B7C2832077800364704 /* HomeViewModel.swift */ = {isa = PBXFileReference; lastKnownFileType = sourcecode.swift; path = HomeViewModel.swift; sourceTree = "<group>"; };
		C4C08B83283207B100364704 /* CategoryModels.swift */ = {isa = PBXFileReference; lastKnownFileType = sourcecode.swift; path = CategoryModels.swift; sourceTree = "<group>"; };
		C4C08B89283207CB00364704 /* CategoryViewModel.swift */ = {isa = PBXFileReference; lastKnownFileType = sourcecode.swift; path = CategoryViewModel.swift; sourceTree = "<group>"; };
		C4C08B8B283207E200364704 /* CategoryBaseCoordinator.swift */ = {isa = PBXFileReference; lastKnownFileType = sourcecode.swift; path = CategoryBaseCoordinator.swift; sourceTree = "<group>"; };
		C4C08B8D283207F200364704 /* CategoryCoordinator.swift */ = {isa = PBXFileReference; lastKnownFileType = sourcecode.swift; path = CategoryCoordinator.swift; sourceTree = "<group>"; };
		C4C08B8F28320CCB00364704 /* CategoryViewController.swift */ = {isa = PBXFileReference; lastKnownFileType = sourcecode.swift; path = CategoryViewController.swift; sourceTree = "<group>"; };
		C4C08B9028320CCB00364704 /* CategoryViewController.xib */ = {isa = PBXFileReference; lastKnownFileType = file.xib; path = CategoryViewController.xib; sourceTree = "<group>"; };
		C4C08B93283212D900364704 /* AppAppearance.swift */ = {isa = PBXFileReference; lastKnownFileType = sourcecode.swift; path = AppAppearance.swift; sourceTree = "<group>"; };
		C4C08B9A283216C100364704 /* ShoppingCartModel.swift */ = {isa = PBXFileReference; lastKnownFileType = sourcecode.swift; path = ShoppingCartModel.swift; sourceTree = "<group>"; };
		C4C08B9C283216D000364704 /* ShoppingCartViewModel.swift */ = {isa = PBXFileReference; lastKnownFileType = sourcecode.swift; path = ShoppingCartViewModel.swift; sourceTree = "<group>"; };
		C4C08B9E283216EC00364704 /* ShoppingCartViewController.swift */ = {isa = PBXFileReference; lastKnownFileType = sourcecode.swift; path = ShoppingCartViewController.swift; sourceTree = "<group>"; };
		C4C08B9F283216EC00364704 /* ShoppingCartViewController.xib */ = {isa = PBXFileReference; lastKnownFileType = file.xib; path = ShoppingCartViewController.xib; sourceTree = "<group>"; };
		C4C08BA22832172200364704 /* ShoppingCartBaseCoordinator.swift */ = {isa = PBXFileReference; lastKnownFileType = sourcecode.swift; path = ShoppingCartBaseCoordinator.swift; sourceTree = "<group>"; };
		C4C08BA42832172D00364704 /* ShoppingCartCoordinator.swift */ = {isa = PBXFileReference; lastKnownFileType = sourcecode.swift; path = ShoppingCartCoordinator.swift; sourceTree = "<group>"; };
		C4C08BAB28321A5700364704 /* ProfileModel.swift */ = {isa = PBXFileReference; lastKnownFileType = sourcecode.swift; path = ProfileModel.swift; sourceTree = "<group>"; };
		C4C08BAD28321A6400364704 /* ProfileViewController.swift */ = {isa = PBXFileReference; lastKnownFileType = sourcecode.swift; path = ProfileViewController.swift; sourceTree = "<group>"; };
		C4C08BAE28321A6400364704 /* ProfileViewController.xib */ = {isa = PBXFileReference; lastKnownFileType = file.xib; path = ProfileViewController.xib; sourceTree = "<group>"; };
		C4C08BB128321A6F00364704 /* ProfileViewModel.swift */ = {isa = PBXFileReference; lastKnownFileType = sourcecode.swift; path = ProfileViewModel.swift; sourceTree = "<group>"; };
		C4C08BB328321A7900364704 /* ProfileBaseCoordinator.swift */ = {isa = PBXFileReference; lastKnownFileType = sourcecode.swift; path = ProfileBaseCoordinator.swift; sourceTree = "<group>"; };
		C4C08BB528321A8400364704 /* ProfileCoordinator.swift */ = {isa = PBXFileReference; lastKnownFileType = sourcecode.swift; path = ProfileCoordinator.swift; sourceTree = "<group>"; };
		C4C08BBB28321D5A00364704 /* SearchViewController.swift */ = {isa = PBXFileReference; lastKnownFileType = sourcecode.swift; path = SearchViewController.swift; sourceTree = "<group>"; };
		C4C08BBC28321D5A00364704 /* SearchViewController.xib */ = {isa = PBXFileReference; lastKnownFileType = file.xib; path = SearchViewController.xib; sourceTree = "<group>"; };
		C4C08BBF28321D8F00364704 /* SearchViewModel.swift */ = {isa = PBXFileReference; lastKnownFileType = sourcecode.swift; path = SearchViewModel.swift; sourceTree = "<group>"; };
		C4CDB9082830E31D0000519A /* Mercury-Store.app */ = {isa = PBXFileReference; explicitFileType = wrapper.application; includeInIndex = 0; path = "Mercury-Store.app"; sourceTree = BUILT_PRODUCTS_DIR; };
		C4CDB90B2830E31D0000519A /* AppDelegate.swift */ = {isa = PBXFileReference; lastKnownFileType = sourcecode.swift; path = AppDelegate.swift; sourceTree = "<group>"; };
		C4CDB90D2830E31D0000519A /* SceneDelegate.swift */ = {isa = PBXFileReference; lastKnownFileType = sourcecode.swift; path = SceneDelegate.swift; sourceTree = "<group>"; };
		C4CDB9152830E31D0000519A /* Mercury_Store.xcdatamodel */ = {isa = PBXFileReference; lastKnownFileType = wrapper.xcdatamodel; path = Mercury_Store.xcdatamodel; sourceTree = "<group>"; };
		C4CDB9172830E3210000519A /* Assets.xcassets */ = {isa = PBXFileReference; lastKnownFileType = folder.assetcatalog; path = Assets.xcassets; sourceTree = "<group>"; };
		C4CDB91A2830E3210000519A /* Base */ = {isa = PBXFileReference; lastKnownFileType = file.storyboard; name = Base; path = Base.lproj/LaunchScreen.storyboard; sourceTree = "<group>"; };
		C4CDB91C2830E3210000519A /* Info.plist */ = {isa = PBXFileReference; lastKnownFileType = text.plist.xml; path = Info.plist; sourceTree = "<group>"; };
		C4CDB9212830E3220000519A /* Mercury-StoreTests.xctest */ = {isa = PBXFileReference; explicitFileType = wrapper.cfbundle; includeInIndex = 0; path = "Mercury-StoreTests.xctest"; sourceTree = BUILT_PRODUCTS_DIR; };
		C4CDB9252830E3220000519A /* Mercury_StoreTests.swift */ = {isa = PBXFileReference; lastKnownFileType = sourcecode.swift; path = Mercury_StoreTests.swift; sourceTree = "<group>"; };
		C4CDB92B2830E3220000519A /* Mercury-StoreUITests.xctest */ = {isa = PBXFileReference; explicitFileType = wrapper.cfbundle; includeInIndex = 0; path = "Mercury-StoreUITests.xctest"; sourceTree = BUILT_PRODUCTS_DIR; };
		C4CDB92F2830E3220000519A /* Mercury_StoreUITests.swift */ = {isa = PBXFileReference; lastKnownFileType = sourcecode.swift; path = Mercury_StoreUITests.swift; sourceTree = "<group>"; };
		C4CDB9312830E3220000519A /* Mercury_StoreUITestsLaunchTests.swift */ = {isa = PBXFileReference; lastKnownFileType = sourcecode.swift; path = Mercury_StoreUITestsLaunchTests.swift; sourceTree = "<group>"; };
		C4CDB9432831F2A00000519A /* Coordinator.swift */ = {isa = PBXFileReference; lastKnownFileType = sourcecode.swift; path = Coordinator.swift; sourceTree = "<group>"; };
		C4CDB9452831F2F10000519A /* MainBaseCoordinator.swift */ = {isa = PBXFileReference; lastKnownFileType = sourcecode.swift; path = MainBaseCoordinator.swift; sourceTree = "<group>"; };
		C4CDB9472831F3340000519A /* MainCoordinator.swift */ = {isa = PBXFileReference; lastKnownFileType = sourcecode.swift; path = MainCoordinator.swift; sourceTree = "<group>"; };
		C4CDB94E2831F6D20000519A /* HomeBaseCoordinator.swift */ = {isa = PBXFileReference; lastKnownFileType = sourcecode.swift; path = HomeBaseCoordinator.swift; sourceTree = "<group>"; };
		C4CDB9502831F6FA0000519A /* HomeCoordinator.swift */ = {isa = PBXFileReference; lastKnownFileType = sourcecode.swift; path = HomeCoordinator.swift; sourceTree = "<group>"; };
		C4CDB9542831FF130000519A /* DeepLinkBaseCoordinator.swift */ = {isa = PBXFileReference; lastKnownFileType = sourcecode.swift; path = DeepLinkBaseCoordinator.swift; sourceTree = "<group>"; };
		C4CDB9562831FF300000519A /* DeepLinkCoordinator.swift */ = {isa = PBXFileReference; lastKnownFileType = sourcecode.swift; path = DeepLinkCoordinator.swift; sourceTree = "<group>"; };
		C4CDB9582832022E0000519A /* HomeViewController.swift */ = {isa = PBXFileReference; lastKnownFileType = sourcecode.swift; path = HomeViewController.swift; sourceTree = "<group>"; };
		C4CDB9592832022E0000519A /* HomeViewController.xib */ = {isa = PBXFileReference; lastKnownFileType = file.xib; path = HomeViewController.xib; sourceTree = "<group>"; };
/* End PBXFileReference section */

/* Begin PBXFrameworksBuildPhase section */
		C4CDB9052830E31D0000519A /* Frameworks */ = {
			isa = PBXFrameworksBuildPhase;
			buildActionMask = 2147483647;
			files = (
			);
			runOnlyForDeploymentPostprocessing = 0;
		};
		C4CDB91E2830E3220000519A /* Frameworks */ = {
			isa = PBXFrameworksBuildPhase;
			buildActionMask = 2147483647;
			files = (
			);
			runOnlyForDeploymentPostprocessing = 0;
		};
		C4CDB9282830E3220000519A /* Frameworks */ = {
			isa = PBXFrameworksBuildPhase;
			buildActionMask = 2147483647;
			files = (
			);
			runOnlyForDeploymentPostprocessing = 0;
		};
/* End PBXFrameworksBuildPhase section */

/* Begin PBXGroup section */
		C4C08B7E2832077F00364704 /* Category */ = {
			isa = PBXGroup;
			children = (
				C4C08B82283207A300364704 /* Models */,
				C4C08B812832079E00364704 /* Views */,
				C4C08B802832079700364704 /* ViewModels */,
				C4C08B7F2832078800364704 /* Coordinator */,
			);
			path = Category;
			sourceTree = "<group>";
		};
		C4C08B7F2832078800364704 /* Coordinator */ = {
			isa = PBXGroup;
			children = (
				C4C08B8B283207E200364704 /* CategoryBaseCoordinator.swift */,
				C4C08B8D283207F200364704 /* CategoryCoordinator.swift */,
			);
			path = Coordinator;
			sourceTree = "<group>";
		};
		C4C08B802832079700364704 /* ViewModels */ = {
			isa = PBXGroup;
			children = (
				C4C08B89283207CB00364704 /* CategoryViewModel.swift */,
			);
			path = ViewModels;
			sourceTree = "<group>";
		};
		C4C08B812832079E00364704 /* Views */ = {
			isa = PBXGroup;
			children = (
				C4C08B8F28320CCB00364704 /* CategoryViewController.swift */,
				C4C08B9028320CCB00364704 /* CategoryViewController.xib */,
			);
			path = Views;
			sourceTree = "<group>";
		};
		C4C08B82283207A300364704 /* Models */ = {
			isa = PBXGroup;
			children = (
				C4C08B83283207B100364704 /* CategoryModels.swift */,
			);
			path = Models;
			sourceTree = "<group>";
		};
		C4C08B952832168D00364704 /* ShoppingCart */ = {
			isa = PBXGroup;
			children = (
				C4C08B99283216B300364704 /* Models */,
				C4C08B98283216A700364704 /* Views */,
				C4C08B972832169F00364704 /* ViewModels */,
				C4C08B962832169700364704 /* Cooridnator */,
			);
			path = ShoppingCart;
			sourceTree = "<group>";
		};
		C4C08B962832169700364704 /* Cooridnator */ = {
			isa = PBXGroup;
			children = (
				C4C08BA22832172200364704 /* ShoppingCartBaseCoordinator.swift */,
				C4C08BA42832172D00364704 /* ShoppingCartCoordinator.swift */,
			);
			path = Cooridnator;
			sourceTree = "<group>";
		};
		C4C08B972832169F00364704 /* ViewModels */ = {
			isa = PBXGroup;
			children = (
				C4C08B9C283216D000364704 /* ShoppingCartViewModel.swift */,
			);
			path = ViewModels;
			sourceTree = "<group>";
		};
		C4C08B98283216A700364704 /* Views */ = {
			isa = PBXGroup;
			children = (
				C4C08B9E283216EC00364704 /* ShoppingCartViewController.swift */,
				C4C08B9F283216EC00364704 /* ShoppingCartViewController.xib */,
			);
			path = Views;
			sourceTree = "<group>";
		};
		C4C08B99283216B300364704 /* Models */ = {
			isa = PBXGroup;
			children = (
				C4C08B9A283216C100364704 /* ShoppingCartModel.swift */,
			);
			path = Models;
			sourceTree = "<group>";
		};
		C4C08BA628321A2C00364704 /* Profile */ = {
			isa = PBXGroup;
			children = (
				C4C08BAA28321A4900364704 /* Models */,
				C4C08BA928321A4300364704 /* Views */,
				C4C08BA828321A3C00364704 /* ViewModels */,
				C4C08BA728321A3200364704 /* Coordinator */,
			);
			path = Profile;
			sourceTree = "<group>";
		};
		C4C08BA728321A3200364704 /* Coordinator */ = {
			isa = PBXGroup;
			children = (
				C4C08BB328321A7900364704 /* ProfileBaseCoordinator.swift */,
				C4C08BB528321A8400364704 /* ProfileCoordinator.swift */,
			);
			path = Coordinator;
			sourceTree = "<group>";
		};
		C4C08BA828321A3C00364704 /* ViewModels */ = {
			isa = PBXGroup;
			children = (
				C4C08BB128321A6F00364704 /* ProfileViewModel.swift */,
			);
			path = ViewModels;
			sourceTree = "<group>";
		};
		C4C08BA928321A4300364704 /* Views */ = {
			isa = PBXGroup;
			children = (
				C4C08BAD28321A6400364704 /* ProfileViewController.swift */,
				C4C08BAE28321A6400364704 /* ProfileViewController.xib */,
			);
			path = Views;
			sourceTree = "<group>";
		};
		C4C08BAA28321A4900364704 /* Models */ = {
			isa = PBXGroup;
			children = (
				C4C08BAB28321A5700364704 /* ProfileModel.swift */,
			);
			path = Models;
			sourceTree = "<group>";
		};
		C4C08BB728321D1900364704 /* Search */ = {
			isa = PBXGroup;
			children = (
				C4C08BBA28321D4700364704 /* Views */,
				C4C08BB928321D3A00364704 /* ViewModels */,
			);
			path = Search;
			sourceTree = "<group>";
		};
		C4C08BB828321D2300364704 /* Favourite */ = {
			isa = PBXGroup;
			children = (
			);
			path = Favourite;
			sourceTree = "<group>";
		};
		C4C08BB928321D3A00364704 /* ViewModels */ = {
			isa = PBXGroup;
			children = (
				C4C08BBF28321D8F00364704 /* SearchViewModel.swift */,
			);
			path = ViewModels;
			sourceTree = "<group>";
		};
		C4C08BBA28321D4700364704 /* Views */ = {
			isa = PBXGroup;
			children = (
				C4C08BBB28321D5A00364704 /* SearchViewController.swift */,
				C4C08BBC28321D5A00364704 /* SearchViewController.xib */,
			);
			path = Views;
			sourceTree = "<group>";
		};
		C4CDB8FF2830E31D0000519A = {
			isa = PBXGroup;
			children = (
				C4CDB90A2830E31D0000519A /* Mercury-Store */,
				C4CDB9242830E3220000519A /* Mercury-StoreTests */,
				C4CDB92E2830E3220000519A /* Mercury-StoreUITests */,
				C4CDB9092830E31D0000519A /* Products */,
			);
			sourceTree = "<group>";
		};
		C4CDB9092830E31D0000519A /* Products */ = {
			isa = PBXGroup;
			children = (
				C4CDB9082830E31D0000519A /* Mercury-Store.app */,
				C4CDB9212830E3220000519A /* Mercury-StoreTests.xctest */,
				C4CDB92B2830E3220000519A /* Mercury-StoreUITests.xctest */,
			);
			name = Products;
			sourceTree = "<group>";
		};
		C4CDB90A2830E31D0000519A /* Mercury-Store */ = {
			isa = PBXGroup;
			children = (
				C4C08BA628321A2C00364704 /* Profile */,
				C4C08B952832168D00364704 /* ShoppingCart */,
				C4C08B7E2832077F00364704 /* Category */,
				C4CDB9492831F66A0000519A /* Home */,
				C4CDB9412831F2770000519A /* Support */,
				C4CDB93E2830E3280000519A /* Application */,
				C4CDB91C2830E3210000519A /* Info.plist */,
				C4CDB9142830E31D0000519A /* Mercury_Store.xcdatamodeld */,
				C4CDB93F2830E3300000519A /* Resources */,
			);
			path = "Mercury-Store";
			sourceTree = "<group>";
		};
		C4CDB9242830E3220000519A /* Mercury-StoreTests */ = {
			isa = PBXGroup;
			children = (
				C4CDB9252830E3220000519A /* Mercury_StoreTests.swift */,
			);
			path = "Mercury-StoreTests";
			sourceTree = "<group>";
		};
		C4CDB92E2830E3220000519A /* Mercury-StoreUITests */ = {
			isa = PBXGroup;
			children = (
				C4CDB92F2830E3220000519A /* Mercury_StoreUITests.swift */,
				C4CDB9312830E3220000519A /* Mercury_StoreUITestsLaunchTests.swift */,
			);
			path = "Mercury-StoreUITests";
			sourceTree = "<group>";
		};
		C4CDB93E2830E3280000519A /* Application */ = {
			isa = PBXGroup;
			children = (
				C4CDB90B2830E31D0000519A /* AppDelegate.swift */,
				C4CDB90D2830E31D0000519A /* SceneDelegate.swift */,
				C4C08B93283212D900364704 /* AppAppearance.swift */,
			);
			path = Application;
			sourceTree = "<group>";
		};
		C4CDB93F2830E3300000519A /* Resources */ = {
			isa = PBXGroup;
			children = (
				C4CDB9172830E3210000519A /* Assets.xcassets */,
				C4CDB9192830E3210000519A /* LaunchScreen.storyboard */,
			);
			path = Resources;
			sourceTree = "<group>";
		};
		C4CDB9412831F2770000519A /* Support */ = {
			isa = PBXGroup;
			children = (
				C4CDB9422831F2800000519A /* Coordinator */,
			);
			path = Support;
			sourceTree = "<group>";
		};
		C4CDB9422831F2800000519A /* Coordinator */ = {
			isa = PBXGroup;
			children = (
				C4CDB9432831F2A00000519A /* Coordinator.swift */,
				C4CDB9452831F2F10000519A /* MainBaseCoordinator.swift */,
				C4CDB9472831F3340000519A /* MainCoordinator.swift */,
				C4CDB9542831FF130000519A /* DeepLinkBaseCoordinator.swift */,
				C4CDB9562831FF300000519A /* DeepLinkCoordinator.swift */,
			);
			path = Coordinator;
			sourceTree = "<group>";
		};
		C4CDB9492831F66A0000519A /* Home */ = {
			isa = PBXGroup;
			children = (
				C4CDB94D2831F6B50000519A /* Models */,
				C4CDB94C2831F6AF0000519A /* Views */,
				C4CDB94B2831F6890000519A /* ViewModels */,
				C4CDB94A2831F6800000519A /* Coordinator */,
			);
			path = Home;
			sourceTree = "<group>";
		};
		C4CDB94A2831F6800000519A /* Coordinator */ = {
			isa = PBXGroup;
			children = (
				C4CDB94E2831F6D20000519A /* HomeBaseCoordinator.swift */,
				C4CDB9502831F6FA0000519A /* HomeCoordinator.swift */,
			);
			path = Coordinator;
			sourceTree = "<group>";
		};
		C4CDB94B2831F6890000519A /* ViewModels */ = {
			isa = PBXGroup;
			children = (
				C4C08B7C2832077800364704 /* HomeViewModel.swift */,
			);
			path = ViewModels;
			sourceTree = "<group>";
		};
		C4CDB94C2831F6AF0000519A /* Views */ = {
			isa = PBXGroup;
			children = (
				C4C08BB828321D2300364704 /* Favourite */,
				C4C08BB728321D1900364704 /* Search */,
				C4CDB9582832022E0000519A /* HomeViewController.swift */,
				C4CDB9592832022E0000519A /* HomeViewController.xib */,
			);
			path = Views;
			sourceTree = "<group>";
		};
		C4CDB94D2831F6B50000519A /* Models */ = {
			isa = PBXGroup;
			children = (
				C4C08B7A2832076B00364704 /* HomeModel.swift */,
			);
			path = Models;
			sourceTree = "<group>";
		};
/* End PBXGroup section */

/* Begin PBXNativeTarget section */
		C4CDB9072830E31D0000519A /* Mercury-Store */ = {
			isa = PBXNativeTarget;
			buildConfigurationList = C4CDB9352830E3220000519A /* Build configuration list for PBXNativeTarget "Mercury-Store" */;
			buildPhases = (
				C4CDB9042830E31D0000519A /* Sources */,
				C4CDB9052830E31D0000519A /* Frameworks */,
				C4CDB9062830E31D0000519A /* Resources */,
			);
			buildRules = (
			);
			dependencies = (
			);
			name = "Mercury-Store";
			productName = "Mercury-Store";
			productReference = C4CDB9082830E31D0000519A /* Mercury-Store.app */;
			productType = "com.apple.product-type.application";
		};
		C4CDB9202830E3220000519A /* Mercury-StoreTests */ = {
			isa = PBXNativeTarget;
			buildConfigurationList = C4CDB9382830E3220000519A /* Build configuration list for PBXNativeTarget "Mercury-StoreTests" */;
			buildPhases = (
				C4CDB91D2830E3220000519A /* Sources */,
				C4CDB91E2830E3220000519A /* Frameworks */,
				C4CDB91F2830E3220000519A /* Resources */,
			);
			buildRules = (
			);
			dependencies = (
				C4CDB9232830E3220000519A /* PBXTargetDependency */,
			);
			name = "Mercury-StoreTests";
			productName = "Mercury-StoreTests";
			productReference = C4CDB9212830E3220000519A /* Mercury-StoreTests.xctest */;
			productType = "com.apple.product-type.bundle.unit-test";
		};
		C4CDB92A2830E3220000519A /* Mercury-StoreUITests */ = {
			isa = PBXNativeTarget;
			buildConfigurationList = C4CDB93B2830E3220000519A /* Build configuration list for PBXNativeTarget "Mercury-StoreUITests" */;
			buildPhases = (
				C4CDB9272830E3220000519A /* Sources */,
				C4CDB9282830E3220000519A /* Frameworks */,
				C4CDB9292830E3220000519A /* Resources */,
			);
			buildRules = (
			);
			dependencies = (
				C4CDB92D2830E3220000519A /* PBXTargetDependency */,
			);
			name = "Mercury-StoreUITests";
			productName = "Mercury-StoreUITests";
			productReference = C4CDB92B2830E3220000519A /* Mercury-StoreUITests.xctest */;
			productType = "com.apple.product-type.bundle.ui-testing";
		};
/* End PBXNativeTarget section */

/* Begin PBXProject section */
		C4CDB9002830E31D0000519A /* Project object */ = {
			isa = PBXProject;
			attributes = {
				BuildIndependentTargetsInParallel = 1;
				LastSwiftUpdateCheck = 1330;
				LastUpgradeCheck = 1330;
				TargetAttributes = {
					C4CDB9072830E31D0000519A = {
						CreatedOnToolsVersion = 13.3;
					};
					C4CDB9202830E3220000519A = {
						CreatedOnToolsVersion = 13.3;
						TestTargetID = C4CDB9072830E31D0000519A;
					};
					C4CDB92A2830E3220000519A = {
						CreatedOnToolsVersion = 13.3;
						TestTargetID = C4CDB9072830E31D0000519A;
					};
				};
			};
			buildConfigurationList = C4CDB9032830E31D0000519A /* Build configuration list for PBXProject "Mercury-Store" */;
			compatibilityVersion = "Xcode 13.0";
			developmentRegion = en;
			hasScannedForEncodings = 0;
			knownRegions = (
				en,
				Base,
			);
			mainGroup = C4CDB8FF2830E31D0000519A;
			productRefGroup = C4CDB9092830E31D0000519A /* Products */;
			projectDirPath = "";
			projectRoot = "";
			targets = (
				C4CDB9072830E31D0000519A /* Mercury-Store */,
				C4CDB9202830E3220000519A /* Mercury-StoreTests */,
				C4CDB92A2830E3220000519A /* Mercury-StoreUITests */,
			);
		};
/* End PBXProject section */

/* Begin PBXResourcesBuildPhase section */
		C4CDB9062830E31D0000519A /* Resources */ = {
			isa = PBXResourcesBuildPhase;
			buildActionMask = 2147483647;
			files = (
				C4C08BB028321A6400364704 /* ProfileViewController.xib in Resources */,
				C4C08B9228320CCB00364704 /* CategoryViewController.xib in Resources */,
				C4CDB91B2830E3210000519A /* LaunchScreen.storyboard in Resources */,
				C4CDB9182830E3210000519A /* Assets.xcassets in Resources */,
				C4CDB95B2832022E0000519A /* HomeViewController.xib in Resources */,
				C4C08BA1283216EC00364704 /* ShoppingCartViewController.xib in Resources */,
				C4C08BBE28321D5A00364704 /* SearchViewController.xib in Resources */,
			);
			runOnlyForDeploymentPostprocessing = 0;
		};
		C4CDB91F2830E3220000519A /* Resources */ = {
			isa = PBXResourcesBuildPhase;
			buildActionMask = 2147483647;
			files = (
			);
			runOnlyForDeploymentPostprocessing = 0;
		};
		C4CDB9292830E3220000519A /* Resources */ = {
			isa = PBXResourcesBuildPhase;
			buildActionMask = 2147483647;
			files = (
			);
			runOnlyForDeploymentPostprocessing = 0;
		};
/* End PBXResourcesBuildPhase section */

/* Begin PBXSourcesBuildPhase section */
		C4CDB9042830E31D0000519A /* Sources */ = {
			isa = PBXSourcesBuildPhase;
			buildActionMask = 2147483647;
			files = (
				C4C08BBD28321D5A00364704 /* SearchViewController.swift in Sources */,
				C4CDB9482831F3340000519A /* MainCoordinator.swift in Sources */,
				C4C08B94283212D900364704 /* AppAppearance.swift in Sources */,
				C4C08B9D283216D000364704 /* ShoppingCartViewModel.swift in Sources */,
				C4C08BB228321A6F00364704 /* ProfileViewModel.swift in Sources */,
				C4CDB9512831F6FA0000519A /* HomeCoordinator.swift in Sources */,
				C4CDB9162830E31D0000519A /* Mercury_Store.xcdatamodeld in Sources */,
				C4C08BAC28321A5700364704 /* ProfileModel.swift in Sources */,
				C4CDB9442831F2A00000519A /* Coordinator.swift in Sources */,
				C4C08BB628321A8400364704 /* ProfileCoordinator.swift in Sources */,
				C4CDB9552831FF130000519A /* DeepLinkBaseCoordinator.swift in Sources */,
				C4CDB94F2831F6D20000519A /* HomeBaseCoordinator.swift in Sources */,
				C4C08B8E283207F200364704 /* CategoryCoordinator.swift in Sources */,
				C4C08BAF28321A6400364704 /* ProfileViewController.swift in Sources */,
				C4CDB9572831FF300000519A /* DeepLinkCoordinator.swift in Sources */,
				C4CDB90C2830E31D0000519A /* AppDelegate.swift in Sources */,
				C4C08B7D2832077800364704 /* HomeViewModel.swift in Sources */,
				C4C08B7B2832076B00364704 /* HomeModel.swift in Sources */,
				C4C08B8C283207E200364704 /* CategoryBaseCoordinator.swift in Sources */,
				C4C08B9B283216C100364704 /* ShoppingCartModel.swift in Sources */,
				C4CDB9462831F2F10000519A /* MainBaseCoordinator.swift in Sources */,
				C4C08BA32832172200364704 /* ShoppingCartBaseCoordinator.swift in Sources */,
				C4C08B8A283207CB00364704 /* CategoryViewModel.swift in Sources */,
				C4C08B84283207B100364704 /* CategoryModels.swift in Sources */,
				C4C08BC028321D8F00364704 /* SearchViewModel.swift in Sources */,
				C4CDB90E2830E31D0000519A /* SceneDelegate.swift in Sources */,
				C4C08B9128320CCB00364704 /* CategoryViewController.swift in Sources */,
				C4C08BA0283216EC00364704 /* ShoppingCartViewController.swift in Sources */,
				C4C08BA52832172D00364704 /* ShoppingCartCoordinator.swift in Sources */,
				C4CDB95A2832022E0000519A /* HomeViewController.swift in Sources */,
				C4C08BB428321A7900364704 /* ProfileBaseCoordinator.swift in Sources */,
			);
			runOnlyForDeploymentPostprocessing = 0;
		};
		C4CDB91D2830E3220000519A /* Sources */ = {
			isa = PBXSourcesBuildPhase;
			buildActionMask = 2147483647;
			files = (
				C4CDB9262830E3220000519A /* Mercury_StoreTests.swift in Sources */,
			);
			runOnlyForDeploymentPostprocessing = 0;
		};
		C4CDB9272830E3220000519A /* Sources */ = {
			isa = PBXSourcesBuildPhase;
			buildActionMask = 2147483647;
			files = (
				C4CDB9322830E3220000519A /* Mercury_StoreUITestsLaunchTests.swift in Sources */,
				C4CDB9302830E3220000519A /* Mercury_StoreUITests.swift in Sources */,
			);
			runOnlyForDeploymentPostprocessing = 0;
		};
/* End PBXSourcesBuildPhase section */

/* Begin PBXTargetDependency section */
		C4CDB9232830E3220000519A /* PBXTargetDependency */ = {
			isa = PBXTargetDependency;
			target = C4CDB9072830E31D0000519A /* Mercury-Store */;
			targetProxy = C4CDB9222830E3220000519A /* PBXContainerItemProxy */;
		};
		C4CDB92D2830E3220000519A /* PBXTargetDependency */ = {
			isa = PBXTargetDependency;
			target = C4CDB9072830E31D0000519A /* Mercury-Store */;
			targetProxy = C4CDB92C2830E3220000519A /* PBXContainerItemProxy */;
		};
/* End PBXTargetDependency section */

/* Begin PBXVariantGroup section */
		C4CDB9192830E3210000519A /* LaunchScreen.storyboard */ = {
			isa = PBXVariantGroup;
			children = (
				C4CDB91A2830E3210000519A /* Base */,
			);
			name = LaunchScreen.storyboard;
			sourceTree = "<group>";
		};
/* End PBXVariantGroup section */

/* Begin XCBuildConfiguration section */
		C4CDB9332830E3220000519A /* Debug */ = {
			isa = XCBuildConfiguration;
			buildSettings = {
				ALWAYS_SEARCH_USER_PATHS = NO;
				CLANG_ANALYZER_NONNULL = YES;
				CLANG_ANALYZER_NUMBER_OBJECT_CONVERSION = YES_AGGRESSIVE;
				CLANG_CXX_LANGUAGE_STANDARD = "gnu++17";
				CLANG_ENABLE_MODULES = YES;
				CLANG_ENABLE_OBJC_ARC = YES;
				CLANG_ENABLE_OBJC_WEAK = YES;
				CLANG_WARN_BLOCK_CAPTURE_AUTORELEASING = YES;
				CLANG_WARN_BOOL_CONVERSION = YES;
				CLANG_WARN_COMMA = YES;
				CLANG_WARN_CONSTANT_CONVERSION = YES;
				CLANG_WARN_DEPRECATED_OBJC_IMPLEMENTATIONS = YES;
				CLANG_WARN_DIRECT_OBJC_ISA_USAGE = YES_ERROR;
				CLANG_WARN_DOCUMENTATION_COMMENTS = YES;
				CLANG_WARN_EMPTY_BODY = YES;
				CLANG_WARN_ENUM_CONVERSION = YES;
				CLANG_WARN_INFINITE_RECURSION = YES;
				CLANG_WARN_INT_CONVERSION = YES;
				CLANG_WARN_NON_LITERAL_NULL_CONVERSION = YES;
				CLANG_WARN_OBJC_IMPLICIT_RETAIN_SELF = YES;
				CLANG_WARN_OBJC_LITERAL_CONVERSION = YES;
				CLANG_WARN_OBJC_ROOT_CLASS = YES_ERROR;
				CLANG_WARN_QUOTED_INCLUDE_IN_FRAMEWORK_HEADER = YES;
				CLANG_WARN_RANGE_LOOP_ANALYSIS = YES;
				CLANG_WARN_STRICT_PROTOTYPES = YES;
				CLANG_WARN_SUSPICIOUS_MOVE = YES;
				CLANG_WARN_UNGUARDED_AVAILABILITY = YES_AGGRESSIVE;
				CLANG_WARN_UNREACHABLE_CODE = YES;
				CLANG_WARN__DUPLICATE_METHOD_MATCH = YES;
				COPY_PHASE_STRIP = NO;
				DEBUG_INFORMATION_FORMAT = dwarf;
				ENABLE_STRICT_OBJC_MSGSEND = YES;
				ENABLE_TESTABILITY = YES;
				GCC_C_LANGUAGE_STANDARD = gnu11;
				GCC_DYNAMIC_NO_PIC = NO;
				GCC_NO_COMMON_BLOCKS = YES;
				GCC_OPTIMIZATION_LEVEL = 0;
				GCC_PREPROCESSOR_DEFINITIONS = (
					"DEBUG=1",
					"$(inherited)",
				);
				GCC_WARN_64_TO_32_BIT_CONVERSION = YES;
				GCC_WARN_ABOUT_RETURN_TYPE = YES_ERROR;
				GCC_WARN_UNDECLARED_SELECTOR = YES;
				GCC_WARN_UNINITIALIZED_AUTOS = YES_AGGRESSIVE;
				GCC_WARN_UNUSED_FUNCTION = YES;
				GCC_WARN_UNUSED_VARIABLE = YES;
				IPHONEOS_DEPLOYMENT_TARGET = 15.4;
				MTL_ENABLE_DEBUG_INFO = INCLUDE_SOURCE;
				MTL_FAST_MATH = YES;
				ONLY_ACTIVE_ARCH = YES;
				SDKROOT = iphoneos;
				SWIFT_ACTIVE_COMPILATION_CONDITIONS = DEBUG;
				SWIFT_OPTIMIZATION_LEVEL = "-Onone";
			};
			name = Debug;
		};
		C4CDB9342830E3220000519A /* Release */ = {
			isa = XCBuildConfiguration;
			buildSettings = {
				ALWAYS_SEARCH_USER_PATHS = NO;
				CLANG_ANALYZER_NONNULL = YES;
				CLANG_ANALYZER_NUMBER_OBJECT_CONVERSION = YES_AGGRESSIVE;
				CLANG_CXX_LANGUAGE_STANDARD = "gnu++17";
				CLANG_ENABLE_MODULES = YES;
				CLANG_ENABLE_OBJC_ARC = YES;
				CLANG_ENABLE_OBJC_WEAK = YES;
				CLANG_WARN_BLOCK_CAPTURE_AUTORELEASING = YES;
				CLANG_WARN_BOOL_CONVERSION = YES;
				CLANG_WARN_COMMA = YES;
				CLANG_WARN_CONSTANT_CONVERSION = YES;
				CLANG_WARN_DEPRECATED_OBJC_IMPLEMENTATIONS = YES;
				CLANG_WARN_DIRECT_OBJC_ISA_USAGE = YES_ERROR;
				CLANG_WARN_DOCUMENTATION_COMMENTS = YES;
				CLANG_WARN_EMPTY_BODY = YES;
				CLANG_WARN_ENUM_CONVERSION = YES;
				CLANG_WARN_INFINITE_RECURSION = YES;
				CLANG_WARN_INT_CONVERSION = YES;
				CLANG_WARN_NON_LITERAL_NULL_CONVERSION = YES;
				CLANG_WARN_OBJC_IMPLICIT_RETAIN_SELF = YES;
				CLANG_WARN_OBJC_LITERAL_CONVERSION = YES;
				CLANG_WARN_OBJC_ROOT_CLASS = YES_ERROR;
				CLANG_WARN_QUOTED_INCLUDE_IN_FRAMEWORK_HEADER = YES;
				CLANG_WARN_RANGE_LOOP_ANALYSIS = YES;
				CLANG_WARN_STRICT_PROTOTYPES = YES;
				CLANG_WARN_SUSPICIOUS_MOVE = YES;
				CLANG_WARN_UNGUARDED_AVAILABILITY = YES_AGGRESSIVE;
				CLANG_WARN_UNREACHABLE_CODE = YES;
				CLANG_WARN__DUPLICATE_METHOD_MATCH = YES;
				COPY_PHASE_STRIP = NO;
				DEBUG_INFORMATION_FORMAT = "dwarf-with-dsym";
				ENABLE_NS_ASSERTIONS = NO;
				ENABLE_STRICT_OBJC_MSGSEND = YES;
				GCC_C_LANGUAGE_STANDARD = gnu11;
				GCC_NO_COMMON_BLOCKS = YES;
				GCC_WARN_64_TO_32_BIT_CONVERSION = YES;
				GCC_WARN_ABOUT_RETURN_TYPE = YES_ERROR;
				GCC_WARN_UNDECLARED_SELECTOR = YES;
				GCC_WARN_UNINITIALIZED_AUTOS = YES_AGGRESSIVE;
				GCC_WARN_UNUSED_FUNCTION = YES;
				GCC_WARN_UNUSED_VARIABLE = YES;
				IPHONEOS_DEPLOYMENT_TARGET = 15.4;
				MTL_ENABLE_DEBUG_INFO = NO;
				MTL_FAST_MATH = YES;
				SDKROOT = iphoneos;
				SWIFT_COMPILATION_MODE = wholemodule;
				SWIFT_OPTIMIZATION_LEVEL = "-O";
				VALIDATE_PRODUCT = YES;
			};
			name = Release;
		};
		C4CDB9362830E3220000519A /* Debug */ = {
			isa = XCBuildConfiguration;
			buildSettings = {
				ASSETCATALOG_COMPILER_APPICON_NAME = AppIcon;
				ASSETCATALOG_COMPILER_GLOBAL_ACCENT_COLOR_NAME = AccentColor;
				CODE_SIGN_STYLE = Automatic;
				CURRENT_PROJECT_VERSION = 1;
				DEVELOPMENT_TEAM = KF6D478446;
				GENERATE_INFOPLIST_FILE = YES;
				INFOPLIST_FILE = "Mercury-Store/Info.plist";
				INFOPLIST_KEY_UIApplicationSupportsIndirectInputEvents = YES;
				INFOPLIST_KEY_UILaunchStoryboardName = LaunchScreen;
				INFOPLIST_KEY_UISupportedInterfaceOrientations_iPad = "UIInterfaceOrientationPortrait UIInterfaceOrientationPortraitUpsideDown UIInterfaceOrientationLandscapeLeft UIInterfaceOrientationLandscapeRight";
				INFOPLIST_KEY_UISupportedInterfaceOrientations_iPhone = "UIInterfaceOrientationPortrait UIInterfaceOrientationLandscapeLeft UIInterfaceOrientationLandscapeRight";
				LD_RUNPATH_SEARCH_PATHS = (
					"$(inherited)",
					"@executable_path/Frameworks",
				);
				MARKETING_VERSION = 1.0;
				PRODUCT_BUNDLE_IDENTIFIER = "com.iti.Mercury-Store";
				PRODUCT_NAME = "$(TARGET_NAME)";
				SWIFT_EMIT_LOC_STRINGS = YES;
				SWIFT_VERSION = 5.0;
				TARGETED_DEVICE_FAMILY = "1,2";
			};
			name = Debug;
		};
		C4CDB9372830E3220000519A /* Release */ = {
			isa = XCBuildConfiguration;
			buildSettings = {
				ASSETCATALOG_COMPILER_APPICON_NAME = AppIcon;
				ASSETCATALOG_COMPILER_GLOBAL_ACCENT_COLOR_NAME = AccentColor;
				CODE_SIGN_STYLE = Automatic;
				CURRENT_PROJECT_VERSION = 1;
				DEVELOPMENT_TEAM = KF6D478446;
				GENERATE_INFOPLIST_FILE = YES;
				INFOPLIST_FILE = "Mercury-Store/Info.plist";
				INFOPLIST_KEY_UIApplicationSupportsIndirectInputEvents = YES;
				INFOPLIST_KEY_UILaunchStoryboardName = LaunchScreen;
				INFOPLIST_KEY_UISupportedInterfaceOrientations_iPad = "UIInterfaceOrientationPortrait UIInterfaceOrientationPortraitUpsideDown UIInterfaceOrientationLandscapeLeft UIInterfaceOrientationLandscapeRight";
				INFOPLIST_KEY_UISupportedInterfaceOrientations_iPhone = "UIInterfaceOrientationPortrait UIInterfaceOrientationLandscapeLeft UIInterfaceOrientationLandscapeRight";
				LD_RUNPATH_SEARCH_PATHS = (
					"$(inherited)",
					"@executable_path/Frameworks",
				);
				MARKETING_VERSION = 1.0;
				PRODUCT_BUNDLE_IDENTIFIER = "com.iti.Mercury-Store";
				PRODUCT_NAME = "$(TARGET_NAME)";
				SWIFT_EMIT_LOC_STRINGS = YES;
				SWIFT_VERSION = 5.0;
				TARGETED_DEVICE_FAMILY = "1,2";
			};
			name = Release;
		};
		C4CDB9392830E3220000519A /* Debug */ = {
			isa = XCBuildConfiguration;
			buildSettings = {
				ALWAYS_EMBED_SWIFT_STANDARD_LIBRARIES = YES;
				BUNDLE_LOADER = "$(TEST_HOST)";
				CODE_SIGN_STYLE = Automatic;
				CURRENT_PROJECT_VERSION = 1;
				DEVELOPMENT_TEAM = KF6D478446;
				GENERATE_INFOPLIST_FILE = YES;
				IPHONEOS_DEPLOYMENT_TARGET = 15.4;
				MARKETING_VERSION = 1.0;
				PRODUCT_BUNDLE_IDENTIFIER = "com.iti.Mercury-StoreTests";
				PRODUCT_NAME = "$(TARGET_NAME)";
				SWIFT_EMIT_LOC_STRINGS = NO;
				SWIFT_VERSION = 5.0;
				TARGETED_DEVICE_FAMILY = "1,2";
				TEST_HOST = "$(BUILT_PRODUCTS_DIR)/Mercury-Store.app/Mercury-Store";
			};
			name = Debug;
		};
		C4CDB93A2830E3220000519A /* Release */ = {
			isa = XCBuildConfiguration;
			buildSettings = {
				ALWAYS_EMBED_SWIFT_STANDARD_LIBRARIES = YES;
				BUNDLE_LOADER = "$(TEST_HOST)";
				CODE_SIGN_STYLE = Automatic;
				CURRENT_PROJECT_VERSION = 1;
				DEVELOPMENT_TEAM = KF6D478446;
				GENERATE_INFOPLIST_FILE = YES;
				IPHONEOS_DEPLOYMENT_TARGET = 15.4;
				MARKETING_VERSION = 1.0;
				PRODUCT_BUNDLE_IDENTIFIER = "com.iti.Mercury-StoreTests";
				PRODUCT_NAME = "$(TARGET_NAME)";
				SWIFT_EMIT_LOC_STRINGS = NO;
				SWIFT_VERSION = 5.0;
				TARGETED_DEVICE_FAMILY = "1,2";
				TEST_HOST = "$(BUILT_PRODUCTS_DIR)/Mercury-Store.app/Mercury-Store";
			};
			name = Release;
		};
		C4CDB93C2830E3220000519A /* Debug */ = {
			isa = XCBuildConfiguration;
			buildSettings = {
				ALWAYS_EMBED_SWIFT_STANDARD_LIBRARIES = YES;
				CODE_SIGN_STYLE = Automatic;
				CURRENT_PROJECT_VERSION = 1;
				DEVELOPMENT_TEAM = KF6D478446;
				GENERATE_INFOPLIST_FILE = YES;
				MARKETING_VERSION = 1.0;
				PRODUCT_BUNDLE_IDENTIFIER = "com.iti.Mercury-StoreUITests";
				PRODUCT_NAME = "$(TARGET_NAME)";
				SWIFT_EMIT_LOC_STRINGS = NO;
				SWIFT_VERSION = 5.0;
				TARGETED_DEVICE_FAMILY = "1,2";
				TEST_TARGET_NAME = "Mercury-Store";
			};
			name = Debug;
		};
		C4CDB93D2830E3220000519A /* Release */ = {
			isa = XCBuildConfiguration;
			buildSettings = {
				ALWAYS_EMBED_SWIFT_STANDARD_LIBRARIES = YES;
				CODE_SIGN_STYLE = Automatic;
				CURRENT_PROJECT_VERSION = 1;
				DEVELOPMENT_TEAM = KF6D478446;
				GENERATE_INFOPLIST_FILE = YES;
				MARKETING_VERSION = 1.0;
				PRODUCT_BUNDLE_IDENTIFIER = "com.iti.Mercury-StoreUITests";
				PRODUCT_NAME = "$(TARGET_NAME)";
				SWIFT_EMIT_LOC_STRINGS = NO;
				SWIFT_VERSION = 5.0;
				TARGETED_DEVICE_FAMILY = "1,2";
				TEST_TARGET_NAME = "Mercury-Store";
			};
			name = Release;
		};
/* End XCBuildConfiguration section */

/* Begin XCConfigurationList section */
		C4CDB9032830E31D0000519A /* Build configuration list for PBXProject "Mercury-Store" */ = {
			isa = XCConfigurationList;
			buildConfigurations = (
				C4CDB9332830E3220000519A /* Debug */,
				C4CDB9342830E3220000519A /* Release */,
			);
			defaultConfigurationIsVisible = 0;
			defaultConfigurationName = Release;
		};
		C4CDB9352830E3220000519A /* Build configuration list for PBXNativeTarget "Mercury-Store" */ = {
			isa = XCConfigurationList;
			buildConfigurations = (
				C4CDB9362830E3220000519A /* Debug */,
				C4CDB9372830E3220000519A /* Release */,
			);
			defaultConfigurationIsVisible = 0;
			defaultConfigurationName = Release;
		};
		C4CDB9382830E3220000519A /* Build configuration list for PBXNativeTarget "Mercury-StoreTests" */ = {
			isa = XCConfigurationList;
			buildConfigurations = (
				C4CDB9392830E3220000519A /* Debug */,
				C4CDB93A2830E3220000519A /* Release */,
			);
			defaultConfigurationIsVisible = 0;
			defaultConfigurationName = Release;
		};
		C4CDB93B2830E3220000519A /* Build configuration list for PBXNativeTarget "Mercury-StoreUITests" */ = {
			isa = XCConfigurationList;
			buildConfigurations = (
				C4CDB93C2830E3220000519A /* Debug */,
				C4CDB93D2830E3220000519A /* Release */,
			);
			defaultConfigurationIsVisible = 0;
			defaultConfigurationName = Release;
		};
/* End XCConfigurationList section */

/* Begin XCVersionGroup section */
		C4CDB9142830E31D0000519A /* Mercury_Store.xcdatamodeld */ = {
			isa = XCVersionGroup;
			children = (
				C4CDB9152830E31D0000519A /* Mercury_Store.xcdatamodel */,
			);
			currentVersion = C4CDB9152830E31D0000519A /* Mercury_Store.xcdatamodel */;
			path = Mercury_Store.xcdatamodeld;
			sourceTree = "<group>";
			versionGroupType = wrapper.xcdatamodel;
		};
/* End XCVersionGroup section */
	};
	rootObject = C4CDB9002830E31D0000519A /* Project object */;
}
