// !$*UTF8*$!
{
	archiveVersion = 1;
	classes = {
	};
	objectVersion = 55;
	objects = {

/* Begin PBXBuildFile section */
		4D7BD033283DB74E0020051D /* CategoryViewModel.swift in Sources */ = {isa = PBXBuildFile; fileRef = 4D7BD017283DB74E0020051D /* CategoryViewModel.swift */; };
		4D7BD034283DB74E0020051D /* CategoryBaseCoordinator.swift in Sources */ = {isa = PBXBuildFile; fileRef = 4D7BD019283DB74E0020051D /* CategoryBaseCoordinator.swift */; };
		4D7BD035283DB74E0020051D /* CategoryCoordinator.swift in Sources */ = {isa = PBXBuildFile; fileRef = 4D7BD01A283DB74E0020051D /* CategoryCoordinator.swift */; };
		4D7BD036283DB74E0020051D /* CategoryModels.swift in Sources */ = {isa = PBXBuildFile; fileRef = 4D7BD01C283DB74E0020051D /* CategoryModels.swift */; };
		4D7BD038283DB74E0020051D /* ProductResultViewController.xib in Resources */ = {isa = PBXBuildFile; fileRef = 4D7BD021283DB74E0020051D /* ProductResultViewController.xib */; };
		4D7BD039283DB74E0020051D /* ProductResultViewController.swift in Sources */ = {isa = PBXBuildFile; fileRef = 4D7BD022283DB74E0020051D /* ProductResultViewController.swift */; };
		4D7BD03A283DB74E0020051D /* ProductCell.swift in Sources */ = {isa = PBXBuildFile; fileRef = 4D7BD024283DB74E0020051D /* ProductCell.swift */; };
		4D7BD03B283DB74E0020051D /* ProductCell.xib in Resources */ = {isa = PBXBuildFile; fileRef = 4D7BD025283DB74E0020051D /* ProductCell.xib */; };
		4D7BD03C283DB74E0020051D /* ProductGridExtension.swift in Sources */ = {isa = PBXBuildFile; fileRef = 4D7BD027283DB74E0020051D /* ProductGridExtension.swift */; };
		4D7BD03D283DB74E0020051D /* ConstantData.swift in Sources */ = {isa = PBXBuildFile; fileRef = 4D7BD028283DB74E0020051D /* ConstantData.swift */; };
		4D7BD03E283DB74E0020051D /* CategoriesCollectionsExtension.swift in Sources */ = {isa = PBXBuildFile; fileRef = 4D7BD02B283DB74E0020051D /* CategoriesCollectionsExtension.swift */; };
		4D7BD03F283DB74E0020051D /* CategoryItem.swift in Sources */ = {isa = PBXBuildFile; fileRef = 4D7BD02D283DB74E0020051D /* CategoryItem.swift */; };
		4D7BD040283DB74E0020051D /* CategoryItem.xib in Resources */ = {isa = PBXBuildFile; fileRef = 4D7BD02E283DB74E0020051D /* CategoryItem.xib */; };
		4D7BD041283DB74E0020051D /* CategoryViewController.swift in Sources */ = {isa = PBXBuildFile; fileRef = 4D7BD02F283DB74E0020051D /* CategoryViewController.swift */; };
		4D7BD042283DB74E0020051D /* CategoryViewController.xib in Resources */ = {isa = PBXBuildFile; fileRef = 4D7BD030283DB74E0020051D /* CategoryViewController.xib */; };
		70E327F9F08636314A8DD26A /* Pods_Mercury_Store.framework in Frameworks */ = {isa = PBXBuildFile; fileRef = 1C880061057CCC78DAAE9EE6 /* Pods_Mercury_Store.framework */; };
		A4D6FC575525A7F2691B99B3 /* Pods_Mercury_Store_Mercury_StoreUITests.framework in Frameworks */ = {isa = PBXBuildFile; fileRef = 743FC4C89A6185F7C482B1C0 /* Pods_Mercury_Store_Mercury_StoreUITests.framework */; };
		C411D7B72838A1B1000E9ACF /* HelperRxDataSources.swift in Sources */ = {isa = PBXBuildFile; fileRef = C411D7B62838A1B1000E9ACF /* HelperRxDataSources.swift */; };
		C49A1D3A28333D800081F874 /* CategoriesCollectionViewCell.swift in Sources */ = {isa = PBXBuildFile; fileRef = C49A1D3828333D800081F874 /* CategoriesCollectionViewCell.swift */; };
		C49A1D3B28333D800081F874 /* CategoriesCollectionViewCell.xib in Resources */ = {isa = PBXBuildFile; fileRef = C49A1D3928333D800081F874 /* CategoriesCollectionViewCell.xib */; };
		C49A1D3D283349D30081F874 /* TableConfigurator.swift in Sources */ = {isa = PBXBuildFile; fileRef = C49A1D3C283349D30081F874 /* TableConfigurator.swift */; };
		C4AEE956283A14460025EDB5 /* URLRequestBuilder.swift in Sources */ = {isa = PBXBuildFile; fileRef = C4AEE955283A14460025EDB5 /* URLRequestBuilder.swift */; };
		C4AEE959283A1FA30025EDB5 /* Constants.swift in Sources */ = {isa = PBXBuildFile; fileRef = C4AEE958283A1FA30025EDB5 /* Constants.swift */; };
		C4BA73462839ED1400A5F3AB /* ShadowView.swift in Sources */ = {isa = PBXBuildFile; fileRef = C4BA73452839ED1400A5F3AB /* ShadowView.swift */; };
		C4BA734A2839F8BF00A5F3AB /* BrandsCollectionViewCell.swift in Sources */ = {isa = PBXBuildFile; fileRef = C4BA73482839F8BF00A5F3AB /* BrandsCollectionViewCell.swift */; };
		C4BA734B2839F8BF00A5F3AB /* BrandsCollectionViewCell.xib in Resources */ = {isa = PBXBuildFile; fileRef = C4BA73492839F8BF00A5F3AB /* BrandsCollectionViewCell.xib */; };
		C4BA734D2839FC5C00A5F3AB /* BrandsViewModel.swift in Sources */ = {isa = PBXBuildFile; fileRef = C4BA734C2839FC5C00A5F3AB /* BrandsViewModel.swift */; };
		C4C04EE328333278002EC367 /* LogoTableViewCell.swift in Sources */ = {isa = PBXBuildFile; fileRef = C4C04EE128333278002EC367 /* LogoTableViewCell.swift */; };
		C4C04EE428333278002EC367 /* LogoTableViewCell.xib in Resources */ = {isa = PBXBuildFile; fileRef = C4C04EE228333278002EC367 /* LogoTableViewCell.xib */; };
		C4C04EE72833328A002EC367 /* BannerTableViewCell.swift in Sources */ = {isa = PBXBuildFile; fileRef = C4C04EE52833328A002EC367 /* BannerTableViewCell.swift */; };
		C4C04EE82833328A002EC367 /* BannerTableViewCell.xib in Resources */ = {isa = PBXBuildFile; fileRef = C4C04EE62833328A002EC367 /* BannerTableViewCell.xib */; };
		C4C04EEB28333299002EC367 /* BrandsTableViewCell.swift in Sources */ = {isa = PBXBuildFile; fileRef = C4C04EE928333299002EC367 /* BrandsTableViewCell.swift */; };
		C4C04EEC28333299002EC367 /* BrandsTableViewCell.xib in Resources */ = {isa = PBXBuildFile; fileRef = C4C04EEA28333299002EC367 /* BrandsTableViewCell.xib */; };
		C4C04EEF283332AD002EC367 /* CategoriesTableViewCell.swift in Sources */ = {isa = PBXBuildFile; fileRef = C4C04EED283332AD002EC367 /* CategoriesTableViewCell.swift */; };
		C4C04EF0283332AD002EC367 /* CategoriesTableViewCell.xib in Resources */ = {isa = PBXBuildFile; fileRef = C4C04EEE283332AD002EC367 /* CategoriesTableViewCell.xib */; };
		C4C08B7B2832076B00364704 /* HomeModel.swift in Sources */ = {isa = PBXBuildFile; fileRef = C4C08B7A2832076B00364704 /* HomeModel.swift */; };
		C4C08B7D2832077800364704 /* HomeViewModel.swift in Sources */ = {isa = PBXBuildFile; fileRef = C4C08B7C2832077800364704 /* HomeViewModel.swift */; };
		C4C08B94283212D900364704 /* AppAppearance.swift in Sources */ = {isa = PBXBuildFile; fileRef = C4C08B93283212D900364704 /* AppAppearance.swift */; };
		C4C08B9B283216C100364704 /* ShoppingCartModel.swift in Sources */ = {isa = PBXBuildFile; fileRef = C4C08B9A283216C100364704 /* ShoppingCartModel.swift */; };
		C4C08B9D283216D000364704 /* ShoppingCartViewModel.swift in Sources */ = {isa = PBXBuildFile; fileRef = C4C08B9C283216D000364704 /* ShoppingCartViewModel.swift */; };
		C4C08BA0283216EC00364704 /* ShoppingCartViewController.swift in Sources */ = {isa = PBXBuildFile; fileRef = C4C08B9E283216EC00364704 /* ShoppingCartViewController.swift */; };
		C4C08BA1283216EC00364704 /* ShoppingCartViewController.xib in Resources */ = {isa = PBXBuildFile; fileRef = C4C08B9F283216EC00364704 /* ShoppingCartViewController.xib */; };
		C4C08BA32832172200364704 /* ShoppingCartBaseCoordinator.swift in Sources */ = {isa = PBXBuildFile; fileRef = C4C08BA22832172200364704 /* ShoppingCartBaseCoordinator.swift */; };
		C4C08BA52832172D00364704 /* ShoppingCartCoordinator.swift in Sources */ = {isa = PBXBuildFile; fileRef = C4C08BA42832172D00364704 /* ShoppingCartCoordinator.swift */; };
		C4C08BAC28321A5700364704 /* ProfileModel.swift in Sources */ = {isa = PBXBuildFile; fileRef = C4C08BAB28321A5700364704 /* ProfileModel.swift */; };
		C4C08BAF28321A6400364704 /* ProfileViewController.swift in Sources */ = {isa = PBXBuildFile; fileRef = C4C08BAD28321A6400364704 /* ProfileViewController.swift */; };
		C4C08BB028321A6400364704 /* ProfileViewController.xib in Resources */ = {isa = PBXBuildFile; fileRef = C4C08BAE28321A6400364704 /* ProfileViewController.xib */; };
		C4C08BB228321A6F00364704 /* ProfileViewModel.swift in Sources */ = {isa = PBXBuildFile; fileRef = C4C08BB128321A6F00364704 /* ProfileViewModel.swift */; };
		C4C08BB428321A7900364704 /* ProfileBaseCoordinator.swift in Sources */ = {isa = PBXBuildFile; fileRef = C4C08BB328321A7900364704 /* ProfileBaseCoordinator.swift */; };
		C4C08BB628321A8400364704 /* ProfileCoordinator.swift in Sources */ = {isa = PBXBuildFile; fileRef = C4C08BB528321A8400364704 /* ProfileCoordinator.swift */; };
		C4C08BBD28321D5A00364704 /* SearchViewController.swift in Sources */ = {isa = PBXBuildFile; fileRef = C4C08BBB28321D5A00364704 /* SearchViewController.swift */; };
		C4C08BBE28321D5A00364704 /* SearchViewController.xib in Resources */ = {isa = PBXBuildFile; fileRef = C4C08BBC28321D5A00364704 /* SearchViewController.xib */; };
		C4C08BC028321D8F00364704 /* SearchViewModel.swift in Sources */ = {isa = PBXBuildFile; fileRef = C4C08BBF28321D8F00364704 /* SearchViewModel.swift */; };
		C4CDB90C2830E31D0000519A /* AppDelegate.swift in Sources */ = {isa = PBXBuildFile; fileRef = C4CDB90B2830E31D0000519A /* AppDelegate.swift */; };
		C4CDB90E2830E31D0000519A /* SceneDelegate.swift in Sources */ = {isa = PBXBuildFile; fileRef = C4CDB90D2830E31D0000519A /* SceneDelegate.swift */; };
		C4CDB9162830E31D0000519A /* Mercury_Store.xcdatamodeld in Sources */ = {isa = PBXBuildFile; fileRef = C4CDB9142830E31D0000519A /* Mercury_Store.xcdatamodeld */; };
		C4CDB9182830E3210000519A /* Assets.xcassets in Resources */ = {isa = PBXBuildFile; fileRef = C4CDB9172830E3210000519A /* Assets.xcassets */; };
		C4CDB91B2830E3210000519A /* LaunchScreen.storyboard in Resources */ = {isa = PBXBuildFile; fileRef = C4CDB9192830E3210000519A /* LaunchScreen.storyboard */; };
		C4CDB9262830E3220000519A /* Mercury_StoreTests.swift in Sources */ = {isa = PBXBuildFile; fileRef = C4CDB9252830E3220000519A /* Mercury_StoreTests.swift */; };
		C4CDB9302830E3220000519A /* Mercury_StoreUITests.swift in Sources */ = {isa = PBXBuildFile; fileRef = C4CDB92F2830E3220000519A /* Mercury_StoreUITests.swift */; };
		C4CDB9322830E3220000519A /* Mercury_StoreUITestsLaunchTests.swift in Sources */ = {isa = PBXBuildFile; fileRef = C4CDB9312830E3220000519A /* Mercury_StoreUITestsLaunchTests.swift */; };
		C4CDB9442831F2A00000519A /* Coordinator.swift in Sources */ = {isa = PBXBuildFile; fileRef = C4CDB9432831F2A00000519A /* Coordinator.swift */; };
		C4CDB9462831F2F10000519A /* MainBaseCoordinator.swift in Sources */ = {isa = PBXBuildFile; fileRef = C4CDB9452831F2F10000519A /* MainBaseCoordinator.swift */; };
		C4CDB9482831F3340000519A /* MainCoordinator.swift in Sources */ = {isa = PBXBuildFile; fileRef = C4CDB9472831F3340000519A /* MainCoordinator.swift */; };
		C4CDB94F2831F6D20000519A /* HomeBaseCoordinator.swift in Sources */ = {isa = PBXBuildFile; fileRef = C4CDB94E2831F6D20000519A /* HomeBaseCoordinator.swift */; };
		C4CDB9512831F6FA0000519A /* HomeCoordinator.swift in Sources */ = {isa = PBXBuildFile; fileRef = C4CDB9502831F6FA0000519A /* HomeCoordinator.swift */; };
		C4CDB9552831FF130000519A /* DeepLinkBaseCoordinator.swift in Sources */ = {isa = PBXBuildFile; fileRef = C4CDB9542831FF130000519A /* DeepLinkBaseCoordinator.swift */; };
		C4CDB9572831FF300000519A /* DeepLinkCoordinator.swift in Sources */ = {isa = PBXBuildFile; fileRef = C4CDB9562831FF300000519A /* DeepLinkCoordinator.swift */; };
		C4CDB95A2832022E0000519A /* HomeViewController.swift in Sources */ = {isa = PBXBuildFile; fileRef = C4CDB9582832022E0000519A /* HomeViewController.swift */; };
		C4CDB95B2832022E0000519A /* HomeViewController.xib in Resources */ = {isa = PBXBuildFile; fileRef = C4CDB9592832022E0000519A /* HomeViewController.xib */; };
		C4CFBA3F283B98E4009C2840 /* ApplicationEnviroment.swift in Sources */ = {isa = PBXBuildFile; fileRef = C4CFBA3E283B98E4009C2840 /* ApplicationEnviroment.swift */; };
		C4CFBA41283B993E009C2840 /* Servers.swift in Sources */ = {isa = PBXBuildFile; fileRef = C4CFBA40283B993E009C2840 /* Servers.swift */; };
		C4CFBA44283B9B5A009C2840 /* HomeScreenAPIs.swift in Sources */ = {isa = PBXBuildFile; fileRef = C4CFBA43283B9B5A009C2840 /* HomeScreenAPIs.swift */; };
		C4CFBA46283B9D32009C2840 /* Service.swift in Sources */ = {isa = PBXBuildFile; fileRef = C4CFBA45283B9D32009C2840 /* Service.swift */; };
		C4CFBA48283B9F6C009C2840 /* JSONDecoder+AlmofireResponse.swift in Sources */ = {isa = PBXBuildFile; fileRef = C4CFBA47283B9F6C009C2840 /* JSONDecoder+AlmofireResponse.swift */; };
		C4CFBA57283BAB09009C2840 /* SdWebImage+UIImage.swift in Sources */ = {isa = PBXBuildFile; fileRef = C4CFBA56283BAB09009C2840 /* SdWebImage+UIImage.swift */; };
		C4CFBA5B283BB583009C2840 /* BrandsCollectionResponse.swift in Sources */ = {isa = PBXBuildFile; fileRef = C4CFBA5A283BB582009C2840 /* BrandsCollectionResponse.swift */; };
		C4CFBA63283BCF32009C2840 /* APIError.swift in Sources */ = {isa = PBXBuildFile; fileRef = C4CFBA62283BCF32009C2840 /* APIError.swift */; };
		C4CFBA67283BD605009C2840 /* HomeClient.swift in Sources */ = {isa = PBXBuildFile; fileRef = C4CFBA66283BD605009C2840 /* HomeClient.swift */; };
		C4CFBA71283C1914009C2840 /* BannerCollectionViewCell.swift in Sources */ = {isa = PBXBuildFile; fileRef = C4CFBA6F283C1914009C2840 /* BannerCollectionViewCell.swift */; };
		C4CFBA72283C1914009C2840 /* BannerCollectionViewCell.xib in Resources */ = {isa = PBXBuildFile; fileRef = C4CFBA70283C1914009C2840 /* BannerCollectionViewCell.xib */; };
		C4CFBA76283C21EF009C2840 /* BannerViewModel.swift in Sources */ = {isa = PBXBuildFile; fileRef = C4CFBA75283C21EF009C2840 /* BannerViewModel.swift */; };
		C4CFBA78283C2414009C2840 /* HelperFunctions.swift in Sources */ = {isa = PBXBuildFile; fileRef = C4CFBA77283C2414009C2840 /* HelperFunctions.swift */; };
		C4E6718C2839E7BD000572A7 /* CategoriesViewModel.swift in Sources */ = {isa = PBXBuildFile; fileRef = C4E6718B2839E7BD000572A7 /* CategoriesViewModel.swift */; };
		C4E6718F2839E99F000572A7 /* Extensions.swift in Sources */ = {isa = PBXBuildFile; fileRef = C4E6718E2839E99F000572A7 /* Extensions.swift */; };
		C6F173010C8667A10E27C5FD /* Pods_Mercury_StoreTests.framework in Frameworks */ = {isa = PBXBuildFile; fileRef = 65483F0BCEDE1CF28D6B5977 /* Pods_Mercury_StoreTests.framework */; };
/* End PBXBuildFile section */

/* Begin PBXContainerItemProxy section */
		C4CDB9222830E3220000519A /* PBXContainerItemProxy */ = {
			isa = PBXContainerItemProxy;
			containerPortal = C4CDB9002830E31D0000519A /* Project object */;
			proxyType = 1;
			remoteGlobalIDString = C4CDB9072830E31D0000519A;
			remoteInfo = "Mercury-Store";
		};
		C4CDB92C2830E3220000519A /* PBXContainerItemProxy */ = {
			isa = PBXContainerItemProxy;
			containerPortal = C4CDB9002830E31D0000519A /* Project object */;
			proxyType = 1;
			remoteGlobalIDString = C4CDB9072830E31D0000519A;
			remoteInfo = "Mercury-Store";
		};
/* End PBXContainerItemProxy section */

/* Begin PBXFileReference section */
		18891F1E7F7C989CC0ABBB4A /* Pods-Mercury-Store.release.xcconfig */ = {isa = PBXFileReference; includeInIndex = 1; lastKnownFileType = text.xcconfig; name = "Pods-Mercury-Store.release.xcconfig"; path = "Target Support Files/Pods-Mercury-Store/Pods-Mercury-Store.release.xcconfig"; sourceTree = "<group>"; };
		1C880061057CCC78DAAE9EE6 /* Pods_Mercury_Store.framework */ = {isa = PBXFileReference; explicitFileType = wrapper.framework; includeInIndex = 0; path = Pods_Mercury_Store.framework; sourceTree = BUILT_PRODUCTS_DIR; };
		35B5C42BB6557CDF1AD2E6AE /* Pods-Mercury-Store-Mercury-StoreUITests.release.xcconfig */ = {isa = PBXFileReference; includeInIndex = 1; lastKnownFileType = text.xcconfig; name = "Pods-Mercury-Store-Mercury-StoreUITests.release.xcconfig"; path = "Target Support Files/Pods-Mercury-Store-Mercury-StoreUITests/Pods-Mercury-Store-Mercury-StoreUITests.release.xcconfig"; sourceTree = "<group>"; };
		3D3553E78E829DC9F7F0B80E /* Pods-Mercury-StoreTests.release.xcconfig */ = {isa = PBXFileReference; includeInIndex = 1; lastKnownFileType = text.xcconfig; name = "Pods-Mercury-StoreTests.release.xcconfig"; path = "Target Support Files/Pods-Mercury-StoreTests/Pods-Mercury-StoreTests.release.xcconfig"; sourceTree = "<group>"; };
		43BFE9847A43A78AD5387540 /* Pods-Mercury-Store.debug.xcconfig */ = {isa = PBXFileReference; includeInIndex = 1; lastKnownFileType = text.xcconfig; name = "Pods-Mercury-Store.debug.xcconfig"; path = "Target Support Files/Pods-Mercury-Store/Pods-Mercury-Store.debug.xcconfig"; sourceTree = "<group>"; };
		4D7BD017283DB74E0020051D /* CategoryViewModel.swift */ = {isa = PBXFileReference; fileEncoding = 4; lastKnownFileType = sourcecode.swift; path = CategoryViewModel.swift; sourceTree = "<group>"; };
		4D7BD019283DB74E0020051D /* CategoryBaseCoordinator.swift */ = {isa = PBXFileReference; fileEncoding = 4; lastKnownFileType = sourcecode.swift; path = CategoryBaseCoordinator.swift; sourceTree = "<group>"; };
		4D7BD01A283DB74E0020051D /* CategoryCoordinator.swift */ = {isa = PBXFileReference; fileEncoding = 4; lastKnownFileType = sourcecode.swift; path = CategoryCoordinator.swift; sourceTree = "<group>"; };
		4D7BD01C283DB74E0020051D /* CategoryModels.swift */ = {isa = PBXFileReference; fileEncoding = 4; lastKnownFileType = sourcecode.swift; path = CategoryModels.swift; sourceTree = "<group>"; };
		4D7BD021283DB74E0020051D /* ProductResultViewController.xib */ = {isa = PBXFileReference; fileEncoding = 4; lastKnownFileType = file.xib; path = ProductResultViewController.xib; sourceTree = "<group>"; };
		4D7BD022283DB74E0020051D /* ProductResultViewController.swift */ = {isa = PBXFileReference; fileEncoding = 4; lastKnownFileType = sourcecode.swift; path = ProductResultViewController.swift; sourceTree = "<group>"; };
		4D7BD024283DB74E0020051D /* ProductCell.swift */ = {isa = PBXFileReference; fileEncoding = 4; lastKnownFileType = sourcecode.swift; path = ProductCell.swift; sourceTree = "<group>"; };
		4D7BD025283DB74E0020051D /* ProductCell.xib */ = {isa = PBXFileReference; fileEncoding = 4; lastKnownFileType = file.xib; path = ProductCell.xib; sourceTree = "<group>"; };
		4D7BD027283DB74E0020051D /* ProductGridExtension.swift */ = {isa = PBXFileReference; fileEncoding = 4; lastKnownFileType = sourcecode.swift; path = ProductGridExtension.swift; sourceTree = "<group>"; };
		4D7BD028283DB74E0020051D /* ConstantData.swift */ = {isa = PBXFileReference; fileEncoding = 4; lastKnownFileType = sourcecode.swift; path = ConstantData.swift; sourceTree = "<group>"; };
		4D7BD02B283DB74E0020051D /* CategoriesCollectionsExtension.swift */ = {isa = PBXFileReference; fileEncoding = 4; lastKnownFileType = sourcecode.swift; path = CategoriesCollectionsExtension.swift; sourceTree = "<group>"; };
		4D7BD02D283DB74E0020051D /* CategoryItem.swift */ = {isa = PBXFileReference; fileEncoding = 4; lastKnownFileType = sourcecode.swift; path = CategoryItem.swift; sourceTree = "<group>"; };
		4D7BD02E283DB74E0020051D /* CategoryItem.xib */ = {isa = PBXFileReference; fileEncoding = 4; lastKnownFileType = file.xib; path = CategoryItem.xib; sourceTree = "<group>"; };
		4D7BD02F283DB74E0020051D /* CategoryViewController.swift */ = {isa = PBXFileReference; fileEncoding = 4; lastKnownFileType = sourcecode.swift; path = CategoryViewController.swift; sourceTree = "<group>"; };
		4D7BD030283DB74E0020051D /* CategoryViewController.xib */ = {isa = PBXFileReference; fileEncoding = 4; lastKnownFileType = file.xib; path = CategoryViewController.xib; sourceTree = "<group>"; };
		5B035032FD47AF57FEEEC3EA /* Pods-Mercury-StoreTests.debug.xcconfig */ = {isa = PBXFileReference; includeInIndex = 1; lastKnownFileType = text.xcconfig; name = "Pods-Mercury-StoreTests.debug.xcconfig"; path = "Target Support Files/Pods-Mercury-StoreTests/Pods-Mercury-StoreTests.debug.xcconfig"; sourceTree = "<group>"; };
		65483F0BCEDE1CF28D6B5977 /* Pods_Mercury_StoreTests.framework */ = {isa = PBXFileReference; explicitFileType = wrapper.framework; includeInIndex = 0; path = Pods_Mercury_StoreTests.framework; sourceTree = BUILT_PRODUCTS_DIR; };
		743FC4C89A6185F7C482B1C0 /* Pods_Mercury_Store_Mercury_StoreUITests.framework */ = {isa = PBXFileReference; explicitFileType = wrapper.framework; includeInIndex = 0; path = Pods_Mercury_Store_Mercury_StoreUITests.framework; sourceTree = BUILT_PRODUCTS_DIR; };
		95853295D36B3E1098E3E9CC /* Pods-Mercury-Store-Mercury-StoreUITests.debug.xcconfig */ = {isa = PBXFileReference; includeInIndex = 1; lastKnownFileType = text.xcconfig; name = "Pods-Mercury-Store-Mercury-StoreUITests.debug.xcconfig"; path = "Target Support Files/Pods-Mercury-Store-Mercury-StoreUITests/Pods-Mercury-Store-Mercury-StoreUITests.debug.xcconfig"; sourceTree = "<group>"; };
		C411D7B62838A1B1000E9ACF /* HelperRxDataSources.swift */ = {isa = PBXFileReference; lastKnownFileType = sourcecode.swift; path = HelperRxDataSources.swift; sourceTree = "<group>"; };
		C49A1D3828333D800081F874 /* CategoriesCollectionViewCell.swift */ = {isa = PBXFileReference; lastKnownFileType = sourcecode.swift; path = CategoriesCollectionViewCell.swift; sourceTree = "<group>"; };
		C49A1D3928333D800081F874 /* CategoriesCollectionViewCell.xib */ = {isa = PBXFileReference; lastKnownFileType = file.xib; path = CategoriesCollectionViewCell.xib; sourceTree = "<group>"; };
		C49A1D3C283349D30081F874 /* TableConfigurator.swift */ = {isa = PBXFileReference; lastKnownFileType = sourcecode.swift; path = TableConfigurator.swift; sourceTree = "<group>"; };
		C4AEE955283A14460025EDB5 /* URLRequestBuilder.swift */ = {isa = PBXFileReference; lastKnownFileType = sourcecode.swift; path = URLRequestBuilder.swift; sourceTree = "<group>"; };
		C4AEE958283A1FA30025EDB5 /* Constants.swift */ = {isa = PBXFileReference; lastKnownFileType = sourcecode.swift; path = Constants.swift; sourceTree = "<group>"; };
		C4BA73452839ED1400A5F3AB /* ShadowView.swift */ = {isa = PBXFileReference; lastKnownFileType = sourcecode.swift; path = ShadowView.swift; sourceTree = "<group>"; };
		C4BA73482839F8BF00A5F3AB /* BrandsCollectionViewCell.swift */ = {isa = PBXFileReference; lastKnownFileType = sourcecode.swift; path = BrandsCollectionViewCell.swift; sourceTree = "<group>"; };
		C4BA73492839F8BF00A5F3AB /* BrandsCollectionViewCell.xib */ = {isa = PBXFileReference; lastKnownFileType = file.xib; path = BrandsCollectionViewCell.xib; sourceTree = "<group>"; };
		C4BA734C2839FC5C00A5F3AB /* BrandsViewModel.swift */ = {isa = PBXFileReference; lastKnownFileType = sourcecode.swift; path = BrandsViewModel.swift; sourceTree = "<group>"; };
		C4C04EE128333278002EC367 /* LogoTableViewCell.swift */ = {isa = PBXFileReference; lastKnownFileType = sourcecode.swift; path = LogoTableViewCell.swift; sourceTree = "<group>"; };
		C4C04EE228333278002EC367 /* LogoTableViewCell.xib */ = {isa = PBXFileReference; lastKnownFileType = file.xib; path = LogoTableViewCell.xib; sourceTree = "<group>"; };
		C4C04EE52833328A002EC367 /* BannerTableViewCell.swift */ = {isa = PBXFileReference; lastKnownFileType = sourcecode.swift; path = BannerTableViewCell.swift; sourceTree = "<group>"; };
		C4C04EE62833328A002EC367 /* BannerTableViewCell.xib */ = {isa = PBXFileReference; lastKnownFileType = file.xib; path = BannerTableViewCell.xib; sourceTree = "<group>"; };
		C4C04EE928333299002EC367 /* BrandsTableViewCell.swift */ = {isa = PBXFileReference; lastKnownFileType = sourcecode.swift; path = BrandsTableViewCell.swift; sourceTree = "<group>"; };
		C4C04EEA28333299002EC367 /* BrandsTableViewCell.xib */ = {isa = PBXFileReference; lastKnownFileType = file.xib; path = BrandsTableViewCell.xib; sourceTree = "<group>"; };
		C4C04EED283332AD002EC367 /* CategoriesTableViewCell.swift */ = {isa = PBXFileReference; lastKnownFileType = sourcecode.swift; path = CategoriesTableViewCell.swift; sourceTree = "<group>"; };
		C4C04EEE283332AD002EC367 /* CategoriesTableViewCell.xib */ = {isa = PBXFileReference; lastKnownFileType = file.xib; path = CategoriesTableViewCell.xib; sourceTree = "<group>"; };
		C4C08B7A2832076B00364704 /* HomeModel.swift */ = {isa = PBXFileReference; lastKnownFileType = sourcecode.swift; path = HomeModel.swift; sourceTree = "<group>"; };
		C4C08B7C2832077800364704 /* HomeViewModel.swift */ = {isa = PBXFileReference; lastKnownFileType = sourcecode.swift; path = HomeViewModel.swift; sourceTree = "<group>"; };
		C4C08B93283212D900364704 /* AppAppearance.swift */ = {isa = PBXFileReference; lastKnownFileType = sourcecode.swift; path = AppAppearance.swift; sourceTree = "<group>"; };
		C4C08B9A283216C100364704 /* ShoppingCartModel.swift */ = {isa = PBXFileReference; lastKnownFileType = sourcecode.swift; path = ShoppingCartModel.swift; sourceTree = "<group>"; };
		C4C08B9C283216D000364704 /* ShoppingCartViewModel.swift */ = {isa = PBXFileReference; lastKnownFileType = sourcecode.swift; path = ShoppingCartViewModel.swift; sourceTree = "<group>"; };
		C4C08B9E283216EC00364704 /* ShoppingCartViewController.swift */ = {isa = PBXFileReference; lastKnownFileType = sourcecode.swift; path = ShoppingCartViewController.swift; sourceTree = "<group>"; };
		C4C08B9F283216EC00364704 /* ShoppingCartViewController.xib */ = {isa = PBXFileReference; lastKnownFileType = file.xib; path = ShoppingCartViewController.xib; sourceTree = "<group>"; };
		C4C08BA22832172200364704 /* ShoppingCartBaseCoordinator.swift */ = {isa = PBXFileReference; lastKnownFileType = sourcecode.swift; path = ShoppingCartBaseCoordinator.swift; sourceTree = "<group>"; };
		C4C08BA42832172D00364704 /* ShoppingCartCoordinator.swift */ = {isa = PBXFileReference; lastKnownFileType = sourcecode.swift; path = ShoppingCartCoordinator.swift; sourceTree = "<group>"; };
		C4C08BAB28321A5700364704 /* ProfileModel.swift */ = {isa = PBXFileReference; lastKnownFileType = sourcecode.swift; path = ProfileModel.swift; sourceTree = "<group>"; };
		C4C08BAD28321A6400364704 /* ProfileViewController.swift */ = {isa = PBXFileReference; lastKnownFileType = sourcecode.swift; path = ProfileViewController.swift; sourceTree = "<group>"; };
		C4C08BAE28321A6400364704 /* ProfileViewController.xib */ = {isa = PBXFileReference; lastKnownFileType = file.xib; path = ProfileViewController.xib; sourceTree = "<group>"; };
		C4C08BB128321A6F00364704 /* ProfileViewModel.swift */ = {isa = PBXFileReference; lastKnownFileType = sourcecode.swift; path = ProfileViewModel.swift; sourceTree = "<group>"; };
		C4C08BB328321A7900364704 /* ProfileBaseCoordinator.swift */ = {isa = PBXFileReference; lastKnownFileType = sourcecode.swift; path = ProfileBaseCoordinator.swift; sourceTree = "<group>"; };
		C4C08BB528321A8400364704 /* ProfileCoordinator.swift */ = {isa = PBXFileReference; lastKnownFileType = sourcecode.swift; path = ProfileCoordinator.swift; sourceTree = "<group>"; };
		C4C08BBB28321D5A00364704 /* SearchViewController.swift */ = {isa = PBXFileReference; lastKnownFileType = sourcecode.swift; path = SearchViewController.swift; sourceTree = "<group>"; };
		C4C08BBC28321D5A00364704 /* SearchViewController.xib */ = {isa = PBXFileReference; lastKnownFileType = file.xib; path = SearchViewController.xib; sourceTree = "<group>"; };
		C4C08BBF28321D8F00364704 /* SearchViewModel.swift */ = {isa = PBXFileReference; lastKnownFileType = sourcecode.swift; path = SearchViewModel.swift; sourceTree = "<group>"; };
		C4CDB9082830E31D0000519A /* Mercury-Store.app */ = {isa = PBXFileReference; explicitFileType = wrapper.application; includeInIndex = 0; path = "Mercury-Store.app"; sourceTree = BUILT_PRODUCTS_DIR; };
		C4CDB90B2830E31D0000519A /* AppDelegate.swift */ = {isa = PBXFileReference; lastKnownFileType = sourcecode.swift; path = AppDelegate.swift; sourceTree = "<group>"; };
		C4CDB90D2830E31D0000519A /* SceneDelegate.swift */ = {isa = PBXFileReference; lastKnownFileType = sourcecode.swift; path = SceneDelegate.swift; sourceTree = "<group>"; };
		C4CDB9152830E31D0000519A /* Mercury_Store.xcdatamodel */ = {isa = PBXFileReference; lastKnownFileType = wrapper.xcdatamodel; path = Mercury_Store.xcdatamodel; sourceTree = "<group>"; };
		C4CDB9172830E3210000519A /* Assets.xcassets */ = {isa = PBXFileReference; lastKnownFileType = folder.assetcatalog; path = Assets.xcassets; sourceTree = "<group>"; };
		C4CDB91A2830E3210000519A /* Base */ = {isa = PBXFileReference; lastKnownFileType = file.storyboard; name = Base; path = Base.lproj/LaunchScreen.storyboard; sourceTree = "<group>"; };
		C4CDB91C2830E3210000519A /* Info.plist */ = {isa = PBXFileReference; lastKnownFileType = text.plist.xml; path = Info.plist; sourceTree = "<group>"; };
		C4CDB9212830E3220000519A /* Mercury-StoreTests.xctest */ = {isa = PBXFileReference; explicitFileType = wrapper.cfbundle; includeInIndex = 0; path = "Mercury-StoreTests.xctest"; sourceTree = BUILT_PRODUCTS_DIR; };
		C4CDB9252830E3220000519A /* Mercury_StoreTests.swift */ = {isa = PBXFileReference; lastKnownFileType = sourcecode.swift; path = Mercury_StoreTests.swift; sourceTree = "<group>"; };
		C4CDB92B2830E3220000519A /* Mercury-StoreUITests.xctest */ = {isa = PBXFileReference; explicitFileType = wrapper.cfbundle; includeInIndex = 0; path = "Mercury-StoreUITests.xctest"; sourceTree = BUILT_PRODUCTS_DIR; };
		C4CDB92F2830E3220000519A /* Mercury_StoreUITests.swift */ = {isa = PBXFileReference; lastKnownFileType = sourcecode.swift; path = Mercury_StoreUITests.swift; sourceTree = "<group>"; };
		C4CDB9312830E3220000519A /* Mercury_StoreUITestsLaunchTests.swift */ = {isa = PBXFileReference; lastKnownFileType = sourcecode.swift; path = Mercury_StoreUITestsLaunchTests.swift; sourceTree = "<group>"; };
		C4CDB9432831F2A00000519A /* Coordinator.swift */ = {isa = PBXFileReference; lastKnownFileType = sourcecode.swift; path = Coordinator.swift; sourceTree = "<group>"; };
		C4CDB9452831F2F10000519A /* MainBaseCoordinator.swift */ = {isa = PBXFileReference; lastKnownFileType = sourcecode.swift; path = MainBaseCoordinator.swift; sourceTree = "<group>"; };
		C4CDB9472831F3340000519A /* MainCoordinator.swift */ = {isa = PBXFileReference; lastKnownFileType = sourcecode.swift; path = MainCoordinator.swift; sourceTree = "<group>"; };
		C4CDB94E2831F6D20000519A /* HomeBaseCoordinator.swift */ = {isa = PBXFileReference; lastKnownFileType = sourcecode.swift; path = HomeBaseCoordinator.swift; sourceTree = "<group>"; };
		C4CDB9502831F6FA0000519A /* HomeCoordinator.swift */ = {isa = PBXFileReference; lastKnownFileType = sourcecode.swift; path = HomeCoordinator.swift; sourceTree = "<group>"; };
		C4CDB9542831FF130000519A /* DeepLinkBaseCoordinator.swift */ = {isa = PBXFileReference; lastKnownFileType = sourcecode.swift; path = DeepLinkBaseCoordinator.swift; sourceTree = "<group>"; };
		C4CDB9562831FF300000519A /* DeepLinkCoordinator.swift */ = {isa = PBXFileReference; lastKnownFileType = sourcecode.swift; path = DeepLinkCoordinator.swift; sourceTree = "<group>"; };
		C4CDB9582832022E0000519A /* HomeViewController.swift */ = {isa = PBXFileReference; lastKnownFileType = sourcecode.swift; path = HomeViewController.swift; sourceTree = "<group>"; };
		C4CDB9592832022E0000519A /* HomeViewController.xib */ = {isa = PBXFileReference; lastKnownFileType = file.xib; path = HomeViewController.xib; sourceTree = "<group>"; };
		C4CFBA3E283B98E4009C2840 /* ApplicationEnviroment.swift */ = {isa = PBXFileReference; lastKnownFileType = sourcecode.swift; path = ApplicationEnviroment.swift; sourceTree = "<group>"; };
		C4CFBA40283B993E009C2840 /* Servers.swift */ = {isa = PBXFileReference; lastKnownFileType = sourcecode.swift; path = Servers.swift; sourceTree = "<group>"; };
		C4CFBA43283B9B5A009C2840 /* HomeScreenAPIs.swift */ = {isa = PBXFileReference; lastKnownFileType = sourcecode.swift; path = HomeScreenAPIs.swift; sourceTree = "<group>"; };
		C4CFBA45283B9D32009C2840 /* Service.swift */ = {isa = PBXFileReference; lastKnownFileType = sourcecode.swift; path = Service.swift; sourceTree = "<group>"; };
		C4CFBA47283B9F6C009C2840 /* JSONDecoder+AlmofireResponse.swift */ = {isa = PBXFileReference; lastKnownFileType = sourcecode.swift; path = "JSONDecoder+AlmofireResponse.swift"; sourceTree = "<group>"; };
		C4CFBA56283BAB09009C2840 /* SdWebImage+UIImage.swift */ = {isa = PBXFileReference; lastKnownFileType = sourcecode.swift; path = "SdWebImage+UIImage.swift"; sourceTree = "<group>"; };
		C4CFBA5A283BB582009C2840 /* BrandsCollectionResponse.swift */ = {isa = PBXFileReference; lastKnownFileType = sourcecode.swift; path = BrandsCollectionResponse.swift; sourceTree = "<group>"; };
		C4CFBA62283BCF32009C2840 /* APIError.swift */ = {isa = PBXFileReference; lastKnownFileType = sourcecode.swift; path = APIError.swift; sourceTree = "<group>"; };
		C4CFBA66283BD605009C2840 /* HomeClient.swift */ = {isa = PBXFileReference; lastKnownFileType = sourcecode.swift; path = HomeClient.swift; sourceTree = "<group>"; };
		C4CFBA6F283C1914009C2840 /* BannerCollectionViewCell.swift */ = {isa = PBXFileReference; lastKnownFileType = sourcecode.swift; path = BannerCollectionViewCell.swift; sourceTree = "<group>"; };
		C4CFBA70283C1914009C2840 /* BannerCollectionViewCell.xib */ = {isa = PBXFileReference; lastKnownFileType = file.xib; path = BannerCollectionViewCell.xib; sourceTree = "<group>"; };
		C4CFBA75283C21EF009C2840 /* BannerViewModel.swift */ = {isa = PBXFileReference; lastKnownFileType = sourcecode.swift; path = BannerViewModel.swift; sourceTree = "<group>"; };
		C4CFBA77283C2414009C2840 /* HelperFunctions.swift */ = {isa = PBXFileReference; lastKnownFileType = sourcecode.swift; path = HelperFunctions.swift; sourceTree = "<group>"; };
		C4E6718B2839E7BD000572A7 /* CategoriesViewModel.swift */ = {isa = PBXFileReference; lastKnownFileType = sourcecode.swift; path = CategoriesViewModel.swift; sourceTree = "<group>"; };
		C4E6718E2839E99F000572A7 /* Extensions.swift */ = {isa = PBXFileReference; lastKnownFileType = sourcecode.swift; path = Extensions.swift; sourceTree = "<group>"; };
/* End PBXFileReference section */

/* Begin PBXFrameworksBuildPhase section */
		C4CDB9052830E31D0000519A /* Frameworks */ = {
			isa = PBXFrameworksBuildPhase;
			buildActionMask = 2147483647;
			files = (
				70E327F9F08636314A8DD26A /* Pods_Mercury_Store.framework in Frameworks */,
			);
			runOnlyForDeploymentPostprocessing = 0;
		};
		C4CDB91E2830E3220000519A /* Frameworks */ = {
			isa = PBXFrameworksBuildPhase;
			buildActionMask = 2147483647;
			files = (
				C6F173010C8667A10E27C5FD /* Pods_Mercury_StoreTests.framework in Frameworks */,
			);
			runOnlyForDeploymentPostprocessing = 0;
		};
		C4CDB9282830E3220000519A /* Frameworks */ = {
			isa = PBXFrameworksBuildPhase;
			buildActionMask = 2147483647;
			files = (
				A4D6FC575525A7F2691B99B3 /* Pods_Mercury_Store_Mercury_StoreUITests.framework in Frameworks */,
			);
			runOnlyForDeploymentPostprocessing = 0;
		};
/* End PBXFrameworksBuildPhase section */

/* Begin PBXGroup section */
		4D7BD015283DB74E0020051D /* Category */ = {
			isa = PBXGroup;
			children = (
				4D7BD016283DB74E0020051D /* ViewModels */,
				4D7BD018283DB74E0020051D /* Coordinator */,
				4D7BD01B283DB74E0020051D /* Models */,
				4D7BD01D283DB74E0020051D /* Views */,
			);
			name = Category;
			path = "../../../../Desktop/Mercury-Store/Mercury-Store/Mercury-Store/Category";
			sourceTree = "<group>";
		};
		4D7BD016283DB74E0020051D /* ViewModels */ = {
			isa = PBXGroup;
			children = (
				4D7BD017283DB74E0020051D /* CategoryViewModel.swift */,
			);
			path = ViewModels;
			sourceTree = "<group>";
		};
		4D7BD018283DB74E0020051D /* Coordinator */ = {
			isa = PBXGroup;
			children = (
				4D7BD019283DB74E0020051D /* CategoryBaseCoordinator.swift */,
				4D7BD01A283DB74E0020051D /* CategoryCoordinator.swift */,
			);
			path = Coordinator;
			sourceTree = "<group>";
		};
		4D7BD01B283DB74E0020051D /* Models */ = {
			isa = PBXGroup;
			children = (
				4D7BD01C283DB74E0020051D /* CategoryModels.swift */,
			);
			path = Models;
			sourceTree = "<group>";
		};
		4D7BD01D283DB74E0020051D /* Views */ = {
			isa = PBXGroup;
			children = (
				4D7BD020283DB74E0020051D /* product_result */,
				4D7BD028283DB74E0020051D /* ConstantData.swift */,
				4D7BD029283DB74E0020051D /* category_main */,
			);
			path = Views;
			sourceTree = "<group>";
		};
		4D7BD020283DB74E0020051D /* product_result */ = {
			isa = PBXGroup;
			children = (
				4D7BD021283DB74E0020051D /* ProductResultViewController.xib */,
				4D7BD022283DB74E0020051D /* ProductResultViewController.swift */,
				4D7BD023283DB74E0020051D /* customCells */,
				4D7BD026283DB74E0020051D /* extensions */,
			);
			path = product_result;
			sourceTree = "<group>";
		};
		4D7BD023283DB74E0020051D /* customCells */ = {
			isa = PBXGroup;
			children = (
				4D7BD024283DB74E0020051D /* ProductCell.swift */,
				4D7BD025283DB74E0020051D /* ProductCell.xib */,
			);
			path = customCells;
			sourceTree = "<group>";
		};
		4D7BD026283DB74E0020051D /* extensions */ = {
			isa = PBXGroup;
			children = (
				4D7BD027283DB74E0020051D /* ProductGridExtension.swift */,
			);
			path = extensions;
			sourceTree = "<group>";
		};
		4D7BD029283DB74E0020051D /* category_main */ = {
			isa = PBXGroup;
			children = (
				4D7BD02A283DB74E0020051D /* extensions */,
				4D7BD02C283DB74E0020051D /* customsCells */,
				4D7BD02F283DB74E0020051D /* CategoryViewController.swift */,
				4D7BD030283DB74E0020051D /* CategoryViewController.xib */,
			);
			path = category_main;
			sourceTree = "<group>";
		};
		4D7BD02A283DB74E0020051D /* extensions */ = {
			isa = PBXGroup;
			children = (
				4D7BD02B283DB74E0020051D /* CategoriesCollectionsExtension.swift */,
			);
			path = extensions;
			sourceTree = "<group>";
		};
		4D7BD02C283DB74E0020051D /* customsCells */ = {
			isa = PBXGroup;
			children = (
				4D7BD02D283DB74E0020051D /* CategoryItem.swift */,
				4D7BD02E283DB74E0020051D /* CategoryItem.xib */,
			);
			path = customsCells;
			sourceTree = "<group>";
		};
		C49A1D3728333AC70081F874 /* CategoriesCollectionViewCell */ = {
			isa = PBXGroup;
			children = (
				C49A1D3828333D800081F874 /* CategoriesCollectionViewCell.swift */,
				C49A1D3928333D800081F874 /* CategoriesCollectionViewCell.xib */,
			);
			path = CategoriesCollectionViewCell;
			sourceTree = "<group>";
		};
		C4AEE954283A142F0025EDB5 /* Network */ = {
			isa = PBXGroup;
			children = (
				C4CFBA59283BB572009C2840 /* Response */,
				C4CFBA42283B9B2E009C2840 /* HomeScreen */,
				C4AEE957283A196F0025EDB5 /* Base */,
			);
			path = Network;
			sourceTree = "<group>";
		};
		C4AEE957283A196F0025EDB5 /* Base */ = {
			isa = PBXGroup;
			children = (
				C4AEE955283A14460025EDB5 /* URLRequestBuilder.swift */,
				C4AEE958283A1FA30025EDB5 /* Constants.swift */,
				C4CFBA3E283B98E4009C2840 /* ApplicationEnviroment.swift */,
				C4CFBA40283B993E009C2840 /* Servers.swift */,
				C4CFBA45283B9D32009C2840 /* Service.swift */,
				C4CFBA62283BCF32009C2840 /* APIError.swift */,
			);
			path = Base;
			sourceTree = "<group>";
		};
		C4BA73472839F8A300A5F3AB /* BrandsCollectionViewCell */ = {
			isa = PBXGroup;
			children = (
				C4BA73482839F8BF00A5F3AB /* BrandsCollectionViewCell.swift */,
				C4BA73492839F8BF00A5F3AB /* BrandsCollectionViewCell.xib */,
			);
			path = BrandsCollectionViewCell;
			sourceTree = "<group>";
		};
		C4C04EDC2833164B002EC367 /* Cells */ = {
			isa = PBXGroup;
			children = (
				C4C04EE0283316E6002EC367 /* BrandsCell */,
				C4C04EDF283316B3002EC367 /* BannerCell */,
				C4C04EDE283316A3002EC367 /* LogoCell */,
				C4C04EDD28331653002EC367 /* CategoriesCell */,
			);
			path = Cells;
			sourceTree = "<group>";
		};
		C4C04EDD28331653002EC367 /* CategoriesCell */ = {
			isa = PBXGroup;
			children = (
				C49A1D3728333AC70081F874 /* CategoriesCollectionViewCell */,
				C4C04EED283332AD002EC367 /* CategoriesTableViewCell.swift */,
				C4C04EEE283332AD002EC367 /* CategoriesTableViewCell.xib */,
			);
			path = CategoriesCell;
			sourceTree = "<group>";
		};
		C4C04EDE283316A3002EC367 /* LogoCell */ = {
			isa = PBXGroup;
			children = (
				C4C04EE128333278002EC367 /* LogoTableViewCell.swift */,
				C4C04EE228333278002EC367 /* LogoTableViewCell.xib */,
			);
			path = LogoCell;
			sourceTree = "<group>";
		};
		C4C04EDF283316B3002EC367 /* BannerCell */ = {
			isa = PBXGroup;
			children = (
				C4CFBA6E283C18F6009C2840 /* BannerCollectionViewCell */,
				C4C04EE52833328A002EC367 /* BannerTableViewCell.swift */,
				C4C04EE62833328A002EC367 /* BannerTableViewCell.xib */,
			);
			path = BannerCell;
			sourceTree = "<group>";
		};
		C4C04EE0283316E6002EC367 /* BrandsCell */ = {
			isa = PBXGroup;
			children = (
				C4BA73472839F8A300A5F3AB /* BrandsCollectionViewCell */,
				C4C04EE928333299002EC367 /* BrandsTableViewCell.swift */,
				C4C04EEA28333299002EC367 /* BrandsTableViewCell.xib */,
			);
			path = BrandsCell;
			sourceTree = "<group>";
		};
		C4C08B952832168D00364704 /* ShoppingCart */ = {
			isa = PBXGroup;
			children = (
				C4C08B99283216B300364704 /* Models */,
				C4C08B98283216A700364704 /* Views */,
				C4C08B972832169F00364704 /* ViewModels */,
				C4C08B962832169700364704 /* Cooridnator */,
			);
			path = ShoppingCart;
			sourceTree = "<group>";
		};
		C4C08B962832169700364704 /* Cooridnator */ = {
			isa = PBXGroup;
			children = (
				C4C08BA22832172200364704 /* ShoppingCartBaseCoordinator.swift */,
				C4C08BA42832172D00364704 /* ShoppingCartCoordinator.swift */,
			);
			path = Cooridnator;
			sourceTree = "<group>";
		};
		C4C08B972832169F00364704 /* ViewModels */ = {
			isa = PBXGroup;
			children = (
				C4C08B9C283216D000364704 /* ShoppingCartViewModel.swift */,
			);
			path = ViewModels;
			sourceTree = "<group>";
		};
		C4C08B98283216A700364704 /* Views */ = {
			isa = PBXGroup;
			children = (
				C4C08B9E283216EC00364704 /* ShoppingCartViewController.swift */,
				C4C08B9F283216EC00364704 /* ShoppingCartViewController.xib */,
			);
			path = Views;
			sourceTree = "<group>";
		};
		C4C08B99283216B300364704 /* Models */ = {
			isa = PBXGroup;
			children = (
				C4C08B9A283216C100364704 /* ShoppingCartModel.swift */,
			);
			path = Models;
			sourceTree = "<group>";
		};
		C4C08BA628321A2C00364704 /* Profile */ = {
			isa = PBXGroup;
			children = (
				C4C08BAA28321A4900364704 /* Models */,
				C4C08BA928321A4300364704 /* Views */,
				C4C08BA828321A3C00364704 /* ViewModels */,
				C4C08BA728321A3200364704 /* Coordinator */,
			);
			path = Profile;
			sourceTree = "<group>";
		};
		C4C08BA728321A3200364704 /* Coordinator */ = {
			isa = PBXGroup;
			children = (
				C4C08BB328321A7900364704 /* ProfileBaseCoordinator.swift */,
				C4C08BB528321A8400364704 /* ProfileCoordinator.swift */,
			);
			path = Coordinator;
			sourceTree = "<group>";
		};
		C4C08BA828321A3C00364704 /* ViewModels */ = {
			isa = PBXGroup;
			children = (
				C4C08BB128321A6F00364704 /* ProfileViewModel.swift */,
			);
			path = ViewModels;
			sourceTree = "<group>";
		};
		C4C08BA928321A4300364704 /* Views */ = {
			isa = PBXGroup;
			children = (
				C4C08BAD28321A6400364704 /* ProfileViewController.swift */,
				C4C08BAE28321A6400364704 /* ProfileViewController.xib */,
			);
			path = Views;
			sourceTree = "<group>";
		};
		C4C08BAA28321A4900364704 /* Models */ = {
			isa = PBXGroup;
			children = (
				C4C08BAB28321A5700364704 /* ProfileModel.swift */,
			);
			path = Models;
			sourceTree = "<group>";
		};
		C4C08BB728321D1900364704 /* Search */ = {
			isa = PBXGroup;
			children = (
				C4C08BBA28321D4700364704 /* Views */,
				C4C08BB928321D3A00364704 /* ViewModels */,
			);
			path = Search;
			sourceTree = "<group>";
		};
		C4C08BB828321D2300364704 /* Favourite */ = {
			isa = PBXGroup;
			children = (
			);
			path = Favourite;
			sourceTree = "<group>";
		};
		C4C08BB928321D3A00364704 /* ViewModels */ = {
			isa = PBXGroup;
			children = (
				C4C08BBF28321D8F00364704 /* SearchViewModel.swift */,
			);
			path = ViewModels;
			sourceTree = "<group>";
		};
		C4C08BBA28321D4700364704 /* Views */ = {
			isa = PBXGroup;
			children = (
				C4C08BBB28321D5A00364704 /* SearchViewController.swift */,
				C4C08BBC28321D5A00364704 /* SearchViewController.xib */,
			);
			path = Views;
			sourceTree = "<group>";
		};
		C4CDB8FF2830E31D0000519A = {
			isa = PBXGroup;
			children = (
				C4CDB90A2830E31D0000519A /* Mercury-Store */,
				C4CDB9242830E3220000519A /* Mercury-StoreTests */,
				C4CDB92E2830E3220000519A /* Mercury-StoreUITests */,
				C4CDB9092830E31D0000519A /* Products */,
				F98153F9895FB7A132FCE878 /* Pods */,
				FB0D35CE4FB9AAE732CECC64 /* Frameworks */,
			);
			sourceTree = "<group>";
		};
		C4CDB9092830E31D0000519A /* Products */ = {
			isa = PBXGroup;
			children = (
				C4CDB9082830E31D0000519A /* Mercury-Store.app */,
				C4CDB9212830E3220000519A /* Mercury-StoreTests.xctest */,
				C4CDB92B2830E3220000519A /* Mercury-StoreUITests.xctest */,
			);
			name = Products;
			sourceTree = "<group>";
		};
		C4CDB90A2830E31D0000519A /* Mercury-Store */ = {
			isa = PBXGroup;
			children = (
				4D7BD015283DB74E0020051D /* Category */,
				C4AEE954283A142F0025EDB5 /* Network */,
				C4E6718D2839E995000572A7 /* Utils */,
				C4C08BA628321A2C00364704 /* Profile */,
				C4C08B952832168D00364704 /* ShoppingCart */,
				C4CDB9492831F66A0000519A /* Home */,
				C4CDB9412831F2770000519A /* Support */,
				C4CDB93E2830E3280000519A /* Application */,
				C4CDB91C2830E3210000519A /* Info.plist */,
				C4CDB9142830E31D0000519A /* Mercury_Store.xcdatamodeld */,
				C4CDB93F2830E3300000519A /* Resources */,
			);
			path = "Mercury-Store";
			sourceTree = "<group>";
		};
		C4CDB9242830E3220000519A /* Mercury-StoreTests */ = {
			isa = PBXGroup;
			children = (
				C4CDB9252830E3220000519A /* Mercury_StoreTests.swift */,
			);
			path = "Mercury-StoreTests";
			sourceTree = "<group>";
		};
		C4CDB92E2830E3220000519A /* Mercury-StoreUITests */ = {
			isa = PBXGroup;
			children = (
				C4CDB92F2830E3220000519A /* Mercury_StoreUITests.swift */,
				C4CDB9312830E3220000519A /* Mercury_StoreUITestsLaunchTests.swift */,
			);
			path = "Mercury-StoreUITests";
			sourceTree = "<group>";
		};
		C4CDB93E2830E3280000519A /* Application */ = {
			isa = PBXGroup;
			children = (
				C4CDB90B2830E31D0000519A /* AppDelegate.swift */,
				C4CDB90D2830E31D0000519A /* SceneDelegate.swift */,
				C4C08B93283212D900364704 /* AppAppearance.swift */,
			);
			path = Application;
			sourceTree = "<group>";
		};
		C4CDB93F2830E3300000519A /* Resources */ = {
			isa = PBXGroup;
			children = (
				C4CDB9172830E3210000519A /* Assets.xcassets */,
				C4CDB9192830E3210000519A /* LaunchScreen.storyboard */,
			);
			path = Resources;
			sourceTree = "<group>";
		};
		C4CDB9412831F2770000519A /* Support */ = {
			isa = PBXGroup;
			children = (
				C4CDB9422831F2800000519A /* Coordinator */,
			);
			path = Support;
			sourceTree = "<group>";
		};
		C4CDB9422831F2800000519A /* Coordinator */ = {
			isa = PBXGroup;
			children = (
				C4CDB9432831F2A00000519A /* Coordinator.swift */,
				C4CDB9452831F2F10000519A /* MainBaseCoordinator.swift */,
				C4CDB9472831F3340000519A /* MainCoordinator.swift */,
				C4CDB9542831FF130000519A /* DeepLinkBaseCoordinator.swift */,
				C4CDB9562831FF300000519A /* DeepLinkCoordinator.swift */,
			);
			path = Coordinator;
			sourceTree = "<group>";
		};
		C4CDB9492831F66A0000519A /* Home */ = {
			isa = PBXGroup;
			children = (
				C4CDB94D2831F6B50000519A /* Models */,
				C4CDB94C2831F6AF0000519A /* Views */,
				C4CDB94B2831F6890000519A /* ViewModels */,
				C4CDB94A2831F6800000519A /* Coordinator */,
			);
			path = Home;
			sourceTree = "<group>";
		};
		C4CDB94A2831F6800000519A /* Coordinator */ = {
			isa = PBXGroup;
			children = (
				C4CDB94E2831F6D20000519A /* HomeBaseCoordinator.swift */,
				C4CDB9502831F6FA0000519A /* HomeCoordinator.swift */,
			);
			path = Coordinator;
			sourceTree = "<group>";
		};
		C4CDB94B2831F6890000519A /* ViewModels */ = {
			isa = PBXGroup;
			children = (
				C4C08B7C2832077800364704 /* HomeViewModel.swift */,
				C49A1D3C283349D30081F874 /* TableConfigurator.swift */,
				C411D7B62838A1B1000E9ACF /* HelperRxDataSources.swift */,
				C4E6718B2839E7BD000572A7 /* CategoriesViewModel.swift */,
				C4BA734C2839FC5C00A5F3AB /* BrandsViewModel.swift */,
				C4CFBA75283C21EF009C2840 /* BannerViewModel.swift */,
			);
			path = ViewModels;
			sourceTree = "<group>";
		};
		C4CDB94C2831F6AF0000519A /* Views */ = {
			isa = PBXGroup;
			children = (
				C4C04EDC2833164B002EC367 /* Cells */,
				C4C08BB828321D2300364704 /* Favourite */,
				C4C08BB728321D1900364704 /* Search */,
				C4CDB9582832022E0000519A /* HomeViewController.swift */,
				C4CDB9592832022E0000519A /* HomeViewController.xib */,
			);
			path = Views;
			sourceTree = "<group>";
		};
		C4CDB94D2831F6B50000519A /* Models */ = {
			isa = PBXGroup;
			children = (
				C4C08B7A2832076B00364704 /* HomeModel.swift */,
			);
			path = Models;
			sourceTree = "<group>";
		};
		C4CFBA42283B9B2E009C2840 /* HomeScreen */ = {
			isa = PBXGroup;
			children = (
				C4CFBA43283B9B5A009C2840 /* HomeScreenAPIs.swift */,
				C4CFBA66283BD605009C2840 /* HomeClient.swift */,
			);
			path = HomeScreen;
			sourceTree = "<group>";
		};
		C4CFBA59283BB572009C2840 /* Response */ = {
			isa = PBXGroup;
			children = (
				C4CFBA5A283BB582009C2840 /* BrandsCollectionResponse.swift */,
			);
			path = Response;
			sourceTree = "<group>";
		};
		C4CFBA6E283C18F6009C2840 /* BannerCollectionViewCell */ = {
			isa = PBXGroup;
			children = (
				C4CFBA6F283C1914009C2840 /* BannerCollectionViewCell.swift */,
				C4CFBA70283C1914009C2840 /* BannerCollectionViewCell.xib */,
			);
			path = BannerCollectionViewCell;
			sourceTree = "<group>";
		};
		C4E6718D2839E995000572A7 /* Utils */ = {
			isa = PBXGroup;
			children = (
				C4E6718E2839E99F000572A7 /* Extensions.swift */,
				C4BA73452839ED1400A5F3AB /* ShadowView.swift */,
				C4CFBA47283B9F6C009C2840 /* JSONDecoder+AlmofireResponse.swift */,
				C4CFBA56283BAB09009C2840 /* SdWebImage+UIImage.swift */,
				C4CFBA77283C2414009C2840 /* HelperFunctions.swift */,
			);
			path = Utils;
			sourceTree = "<group>";
		};
		F98153F9895FB7A132FCE878 /* Pods */ = {
			isa = PBXGroup;
			children = (
				43BFE9847A43A78AD5387540 /* Pods-Mercury-Store.debug.xcconfig */,
				18891F1E7F7C989CC0ABBB4A /* Pods-Mercury-Store.release.xcconfig */,
				95853295D36B3E1098E3E9CC /* Pods-Mercury-Store-Mercury-StoreUITests.debug.xcconfig */,
				35B5C42BB6557CDF1AD2E6AE /* Pods-Mercury-Store-Mercury-StoreUITests.release.xcconfig */,
				5B035032FD47AF57FEEEC3EA /* Pods-Mercury-StoreTests.debug.xcconfig */,
				3D3553E78E829DC9F7F0B80E /* Pods-Mercury-StoreTests.release.xcconfig */,
			);
			path = Pods;
			sourceTree = "<group>";
		};
		FB0D35CE4FB9AAE732CECC64 /* Frameworks */ = {
			isa = PBXGroup;
			children = (
				1C880061057CCC78DAAE9EE6 /* Pods_Mercury_Store.framework */,
				743FC4C89A6185F7C482B1C0 /* Pods_Mercury_Store_Mercury_StoreUITests.framework */,
				65483F0BCEDE1CF28D6B5977 /* Pods_Mercury_StoreTests.framework */,
			);
			name = Frameworks;
			sourceTree = "<group>";
		};
/* End PBXGroup section */

/* Begin PBXNativeTarget section */
		C4CDB9072830E31D0000519A /* Mercury-Store */ = {
			isa = PBXNativeTarget;
			buildConfigurationList = C4CDB9352830E3220000519A /* Build configuration list for PBXNativeTarget "Mercury-Store" */;
			buildPhases = (
				15ED3C78EC87A21824FDD220 /* [CP] Check Pods Manifest.lock */,
				C4CDB9042830E31D0000519A /* Sources */,
				C4CDB9052830E31D0000519A /* Frameworks */,
				C4CDB9062830E31D0000519A /* Resources */,
				A0ACC20335C0EB2319572618 /* [CP] Embed Pods Frameworks */,
			);
			buildRules = (
			);
			dependencies = (
			);
			name = "Mercury-Store";
			productName = "Mercury-Store";
			productReference = C4CDB9082830E31D0000519A /* Mercury-Store.app */;
			productType = "com.apple.product-type.application";
		};
		C4CDB9202830E3220000519A /* Mercury-StoreTests */ = {
			isa = PBXNativeTarget;
			buildConfigurationList = C4CDB9382830E3220000519A /* Build configuration list for PBXNativeTarget "Mercury-StoreTests" */;
			buildPhases = (
				7667E1CD1EE87D922C2B00B7 /* [CP] Check Pods Manifest.lock */,
				C4CDB91D2830E3220000519A /* Sources */,
				C4CDB91E2830E3220000519A /* Frameworks */,
				C4CDB91F2830E3220000519A /* Resources */,
			);
			buildRules = (
			);
			dependencies = (
				C4CDB9232830E3220000519A /* PBXTargetDependency */,
			);
			name = "Mercury-StoreTests";
			productName = "Mercury-StoreTests";
			productReference = C4CDB9212830E3220000519A /* Mercury-StoreTests.xctest */;
			productType = "com.apple.product-type.bundle.unit-test";
		};
		C4CDB92A2830E3220000519A /* Mercury-StoreUITests */ = {
			isa = PBXNativeTarget;
			buildConfigurationList = C4CDB93B2830E3220000519A /* Build configuration list for PBXNativeTarget "Mercury-StoreUITests" */;
			buildPhases = (
				DE6229ED788AE16B1051E8D8 /* [CP] Check Pods Manifest.lock */,
				C4CDB9272830E3220000519A /* Sources */,
				C4CDB9282830E3220000519A /* Frameworks */,
				C4CDB9292830E3220000519A /* Resources */,
				F77C3C08FEE8903E836FB6FA /* [CP] Embed Pods Frameworks */,
			);
			buildRules = (
			);
			dependencies = (
				C4CDB92D2830E3220000519A /* PBXTargetDependency */,
			);
			name = "Mercury-StoreUITests";
			productName = "Mercury-StoreUITests";
			productReference = C4CDB92B2830E3220000519A /* Mercury-StoreUITests.xctest */;
			productType = "com.apple.product-type.bundle.ui-testing";
		};
/* End PBXNativeTarget section */

/* Begin PBXProject section */
		C4CDB9002830E31D0000519A /* Project object */ = {
			isa = PBXProject;
			attributes = {
				BuildIndependentTargetsInParallel = 1;
				LastSwiftUpdateCheck = 1330;
				LastUpgradeCheck = 1330;
				TargetAttributes = {
					C4CDB9072830E31D0000519A = {
						CreatedOnToolsVersion = 13.3;
					};
					C4CDB9202830E3220000519A = {
						CreatedOnToolsVersion = 13.3;
						TestTargetID = C4CDB9072830E31D0000519A;
					};
					C4CDB92A2830E3220000519A = {
						CreatedOnToolsVersion = 13.3;
						TestTargetID = C4CDB9072830E31D0000519A;
					};
				};
			};
			buildConfigurationList = C4CDB9032830E31D0000519A /* Build configuration list for PBXProject "Mercury-Store" */;
			compatibilityVersion = "Xcode 13.0";
			developmentRegion = en;
			hasScannedForEncodings = 0;
			knownRegions = (
				en,
				Base,
			);
			mainGroup = C4CDB8FF2830E31D0000519A;
			productRefGroup = C4CDB9092830E31D0000519A /* Products */;
			projectDirPath = "";
			projectRoot = "";
			targets = (
				C4CDB9072830E31D0000519A /* Mercury-Store */,
				C4CDB9202830E3220000519A /* Mercury-StoreTests */,
				C4CDB92A2830E3220000519A /* Mercury-StoreUITests */,
			);
		};
/* End PBXProject section */

/* Begin PBXResourcesBuildPhase section */
		C4CDB9062830E31D0000519A /* Resources */ = {
			isa = PBXResourcesBuildPhase;
			buildActionMask = 2147483647;
			files = (
				C4C08BB028321A6400364704 /* ProfileViewController.xib in Resources */,
				C4C04EEC28333299002EC367 /* BrandsTableViewCell.xib in Resources */,
				C4C04EE82833328A002EC367 /* BannerTableViewCell.xib in Resources */,
				C4C04EE428333278002EC367 /* LogoTableViewCell.xib in Resources */,
				C4C04EF0283332AD002EC367 /* CategoriesTableViewCell.xib in Resources */,
				4D7BD042283DB74E0020051D /* CategoryViewController.xib in Resources */,
				C4CDB91B2830E3210000519A /* LaunchScreen.storyboard in Resources */,
				C4CDB9182830E3210000519A /* Assets.xcassets in Resources */,
				4D7BD038283DB74E0020051D /* ProductResultViewController.xib in Resources */,
				C49A1D3B28333D800081F874 /* CategoriesCollectionViewCell.xib in Resources */,
				C4CDB95B2832022E0000519A /* HomeViewController.xib in Resources */,
				C4C08BA1283216EC00364704 /* ShoppingCartViewController.xib in Resources */,
				C4BA734B2839F8BF00A5F3AB /* BrandsCollectionViewCell.xib in Resources */,
				4D7BD03B283DB74E0020051D /* ProductCell.xib in Resources */,
				C4CFBA72283C1914009C2840 /* BannerCollectionViewCell.xib in Resources */,
				4D7BD040283DB74E0020051D /* CategoryItem.xib in Resources */,
				C4C08BBE28321D5A00364704 /* SearchViewController.xib in Resources */,
			);
			runOnlyForDeploymentPostprocessing = 0;
		};
		C4CDB91F2830E3220000519A /* Resources */ = {
			isa = PBXResourcesBuildPhase;
			buildActionMask = 2147483647;
			files = (
			);
			runOnlyForDeploymentPostprocessing = 0;
		};
		C4CDB9292830E3220000519A /* Resources */ = {
			isa = PBXResourcesBuildPhase;
			buildActionMask = 2147483647;
			files = (
			);
			runOnlyForDeploymentPostprocessing = 0;
		};
/* End PBXResourcesBuildPhase section */

/* Begin PBXShellScriptBuildPhase section */
		15ED3C78EC87A21824FDD220 /* [CP] Check Pods Manifest.lock */ = {
			isa = PBXShellScriptBuildPhase;
			buildActionMask = 2147483647;
			files = (
			);
			inputFileListPaths = (
			);
			inputPaths = (
				"${PODS_PODFILE_DIR_PATH}/Podfile.lock",
				"${PODS_ROOT}/Manifest.lock",
			);
			name = "[CP] Check Pods Manifest.lock";
			outputFileListPaths = (
			);
			outputPaths = (
				"$(DERIVED_FILE_DIR)/Pods-Mercury-Store-checkManifestLockResult.txt",
			);
			runOnlyForDeploymentPostprocessing = 0;
			shellPath = /bin/sh;
			shellScript = "diff \"${PODS_PODFILE_DIR_PATH}/Podfile.lock\" \"${PODS_ROOT}/Manifest.lock\" > /dev/null\nif [ $? != 0 ] ; then\n    # print error to STDERR\n    echo \"error: The sandbox is not in sync with the Podfile.lock. Run 'pod install' or update your CocoaPods installation.\" >&2\n    exit 1\nfi\n# This output is used by Xcode 'outputs' to avoid re-running this script phase.\necho \"SUCCESS\" > \"${SCRIPT_OUTPUT_FILE_0}\"\n";
			showEnvVarsInLog = 0;
		};
		7667E1CD1EE87D922C2B00B7 /* [CP] Check Pods Manifest.lock */ = {
			isa = PBXShellScriptBuildPhase;
			buildActionMask = 2147483647;
			files = (
			);
			inputFileListPaths = (
			);
			inputPaths = (
				"${PODS_PODFILE_DIR_PATH}/Podfile.lock",
				"${PODS_ROOT}/Manifest.lock",
			);
			name = "[CP] Check Pods Manifest.lock";
			outputFileListPaths = (
			);
			outputPaths = (
				"$(DERIVED_FILE_DIR)/Pods-Mercury-StoreTests-checkManifestLockResult.txt",
			);
			runOnlyForDeploymentPostprocessing = 0;
			shellPath = /bin/sh;
			shellScript = "diff \"${PODS_PODFILE_DIR_PATH}/Podfile.lock\" \"${PODS_ROOT}/Manifest.lock\" > /dev/null\nif [ $? != 0 ] ; then\n    # print error to STDERR\n    echo \"error: The sandbox is not in sync with the Podfile.lock. Run 'pod install' or update your CocoaPods installation.\" >&2\n    exit 1\nfi\n# This output is used by Xcode 'outputs' to avoid re-running this script phase.\necho \"SUCCESS\" > \"${SCRIPT_OUTPUT_FILE_0}\"\n";
			showEnvVarsInLog = 0;
		};
		A0ACC20335C0EB2319572618 /* [CP] Embed Pods Frameworks */ = {
			isa = PBXShellScriptBuildPhase;
			buildActionMask = 2147483647;
			files = (
			);
			inputFileListPaths = (
				"${PODS_ROOT}/Target Support Files/Pods-Mercury-Store/Pods-Mercury-Store-frameworks-${CONFIGURATION}-input-files.xcfilelist",
			);
			name = "[CP] Embed Pods Frameworks";
			outputFileListPaths = (
				"${PODS_ROOT}/Target Support Files/Pods-Mercury-Store/Pods-Mercury-Store-frameworks-${CONFIGURATION}-output-files.xcfilelist",
			);
			runOnlyForDeploymentPostprocessing = 0;
			shellPath = /bin/sh;
			shellScript = "\"${PODS_ROOT}/Target Support Files/Pods-Mercury-Store/Pods-Mercury-Store-frameworks.sh\"\n";
			showEnvVarsInLog = 0;
		};
		DE6229ED788AE16B1051E8D8 /* [CP] Check Pods Manifest.lock */ = {
			isa = PBXShellScriptBuildPhase;
			buildActionMask = 2147483647;
			files = (
			);
			inputFileListPaths = (
			);
			inputPaths = (
				"${PODS_PODFILE_DIR_PATH}/Podfile.lock",
				"${PODS_ROOT}/Manifest.lock",
			);
			name = "[CP] Check Pods Manifest.lock";
			outputFileListPaths = (
			);
			outputPaths = (
				"$(DERIVED_FILE_DIR)/Pods-Mercury-Store-Mercury-StoreUITests-checkManifestLockResult.txt",
			);
			runOnlyForDeploymentPostprocessing = 0;
			shellPath = /bin/sh;
			shellScript = "diff \"${PODS_PODFILE_DIR_PATH}/Podfile.lock\" \"${PODS_ROOT}/Manifest.lock\" > /dev/null\nif [ $? != 0 ] ; then\n    # print error to STDERR\n    echo \"error: The sandbox is not in sync with the Podfile.lock. Run 'pod install' or update your CocoaPods installation.\" >&2\n    exit 1\nfi\n# This output is used by Xcode 'outputs' to avoid re-running this script phase.\necho \"SUCCESS\" > \"${SCRIPT_OUTPUT_FILE_0}\"\n";
			showEnvVarsInLog = 0;
		};
		F77C3C08FEE8903E836FB6FA /* [CP] Embed Pods Frameworks */ = {
			isa = PBXShellScriptBuildPhase;
			buildActionMask = 2147483647;
			files = (
			);
			inputFileListPaths = (
				"${PODS_ROOT}/Target Support Files/Pods-Mercury-Store-Mercury-StoreUITests/Pods-Mercury-Store-Mercury-StoreUITests-frameworks-${CONFIGURATION}-input-files.xcfilelist",
			);
			name = "[CP] Embed Pods Frameworks";
			outputFileListPaths = (
				"${PODS_ROOT}/Target Support Files/Pods-Mercury-Store-Mercury-StoreUITests/Pods-Mercury-Store-Mercury-StoreUITests-frameworks-${CONFIGURATION}-output-files.xcfilelist",
			);
			runOnlyForDeploymentPostprocessing = 0;
			shellPath = /bin/sh;
			shellScript = "\"${PODS_ROOT}/Target Support Files/Pods-Mercury-Store-Mercury-StoreUITests/Pods-Mercury-Store-Mercury-StoreUITests-frameworks.sh\"\n";
			showEnvVarsInLog = 0;
		};
/* End PBXShellScriptBuildPhase section */

/* Begin PBXSourcesBuildPhase section */
		C4CDB9042830E31D0000519A /* Sources */ = {
			isa = PBXSourcesBuildPhase;
			buildActionMask = 2147483647;
			files = (
				C4C04EE72833328A002EC367 /* BannerTableViewCell.swift in Sources */,
				C4C08BBD28321D5A00364704 /* SearchViewController.swift in Sources */,
				4D7BD033283DB74E0020051D /* CategoryViewModel.swift in Sources */,
				C4CFBA41283B993E009C2840 /* Servers.swift in Sources */,
				C4CDB9482831F3340000519A /* MainCoordinator.swift in Sources */,
				C4C08B94283212D900364704 /* AppAppearance.swift in Sources */,
				C4C08B9D283216D000364704 /* ShoppingCartViewModel.swift in Sources */,
				C4BA734A2839F8BF00A5F3AB /* BrandsCollectionViewCell.swift in Sources */,
				4D7BD03A283DB74E0020051D /* ProductCell.swift in Sources */,
				4D7BD03D283DB74E0020051D /* ConstantData.swift in Sources */,
				C4BA73462839ED1400A5F3AB /* ShadowView.swift in Sources */,
				C4C08BB228321A6F00364704 /* ProfileViewModel.swift in Sources */,
				C4CDB9512831F6FA0000519A /* HomeCoordinator.swift in Sources */,
				C4C04EEB28333299002EC367 /* BrandsTableViewCell.swift in Sources */,
				C4AEE956283A14460025EDB5 /* URLRequestBuilder.swift in Sources */,
				4D7BD03E283DB74E0020051D /* CategoriesCollectionsExtension.swift in Sources */,
				C4C04EE328333278002EC367 /* LogoTableViewCell.swift in Sources */,
				C4CDB9162830E31D0000519A /* Mercury_Store.xcdatamodeld in Sources */,
				C4C08BAC28321A5700364704 /* ProfileModel.swift in Sources */,
				C4CDB9442831F2A00000519A /* Coordinator.swift in Sources */,
				C4C08BB628321A8400364704 /* ProfileCoordinator.swift in Sources */,
				C4CDB9552831FF130000519A /* DeepLinkBaseCoordinator.swift in Sources */,
				C4CDB94F2831F6D20000519A /* HomeBaseCoordinator.swift in Sources */,
				C4BA734D2839FC5C00A5F3AB /* BrandsViewModel.swift in Sources */,
				C4CFBA48283B9F6C009C2840 /* JSONDecoder+AlmofireResponse.swift in Sources */,
				C49A1D3D283349D30081F874 /* TableConfigurator.swift in Sources */,
				4D7BD034283DB74E0020051D /* CategoryBaseCoordinator.swift in Sources */,
				C4C08BAF28321A6400364704 /* ProfileViewController.swift in Sources */,
				4D7BD036283DB74E0020051D /* CategoryModels.swift in Sources */,
				C4CDB9572831FF300000519A /* DeepLinkCoordinator.swift in Sources */,
				C4CFBA44283B9B5A009C2840 /* HomeScreenAPIs.swift in Sources */,
				4D7BD03F283DB74E0020051D /* CategoryItem.swift in Sources */,
				C49A1D3A28333D800081F874 /* CategoriesCollectionViewCell.swift in Sources */,
				C4CFBA46283B9D32009C2840 /* Service.swift in Sources */,
				C4CDB90C2830E31D0000519A /* AppDelegate.swift in Sources */,
				C4E6718C2839E7BD000572A7 /* CategoriesViewModel.swift in Sources */,
				C4C04EEF283332AD002EC367 /* CategoriesTableViewCell.swift in Sources */,
				4D7BD039283DB74E0020051D /* ProductResultViewController.swift in Sources */,
				C4E6718F2839E99F000572A7 /* Extensions.swift in Sources */,
				C4AEE959283A1FA30025EDB5 /* Constants.swift in Sources */,
				C4C08B7D2832077800364704 /* HomeViewModel.swift in Sources */,
				C4CFBA78283C2414009C2840 /* HelperFunctions.swift in Sources */,
				C4CFBA63283BCF32009C2840 /* APIError.swift in Sources */,
				C4CFBA57283BAB09009C2840 /* SdWebImage+UIImage.swift in Sources */,
				C4C08B7B2832076B00364704 /* HomeModel.swift in Sources */,
				C4CFBA3F283B98E4009C2840 /* ApplicationEnviroment.swift in Sources */,
				C4C08B9B283216C100364704 /* ShoppingCartModel.swift in Sources */,
				C4CFBA71283C1914009C2840 /* BannerCollectionViewCell.swift in Sources */,
				C4CDB9462831F2F10000519A /* MainBaseCoordinator.swift in Sources */,
				C4CFBA5B283BB583009C2840 /* BrandsCollectionResponse.swift in Sources */,
				C4CFBA76283C21EF009C2840 /* BannerViewModel.swift in Sources */,
				C4C08BA32832172200364704 /* ShoppingCartBaseCoordinator.swift in Sources */,
				4D7BD041283DB74E0020051D /* CategoryViewController.swift in Sources */,
				C4C08BC028321D8F00364704 /* SearchViewModel.swift in Sources */,
				C4CDB90E2830E31D0000519A /* SceneDelegate.swift in Sources */,
				C4C08BA0283216EC00364704 /* ShoppingCartViewController.swift in Sources */,
				C4CFBA67283BD605009C2840 /* HomeClient.swift in Sources */,
				C411D7B72838A1B1000E9ACF /* HelperRxDataSources.swift in Sources */,
				C4C08BA52832172D00364704 /* ShoppingCartCoordinator.swift in Sources */,
				4D7BD035283DB74E0020051D /* CategoryCoordinator.swift in Sources */,
				C4CDB95A2832022E0000519A /* HomeViewController.swift in Sources */,
				4D7BD03C283DB74E0020051D /* ProductGridExtension.swift in Sources */,
				C4C08BB428321A7900364704 /* ProfileBaseCoordinator.swift in Sources */,
			);
			runOnlyForDeploymentPostprocessing = 0;
		};
		C4CDB91D2830E3220000519A /* Sources */ = {
			isa = PBXSourcesBuildPhase;
			buildActionMask = 2147483647;
			files = (
				C4CDB9262830E3220000519A /* Mercury_StoreTests.swift in Sources */,
			);
			runOnlyForDeploymentPostprocessing = 0;
		};
		C4CDB9272830E3220000519A /* Sources */ = {
			isa = PBXSourcesBuildPhase;
			buildActionMask = 2147483647;
			files = (
				C4CDB9322830E3220000519A /* Mercury_StoreUITestsLaunchTests.swift in Sources */,
				C4CDB9302830E3220000519A /* Mercury_StoreUITests.swift in Sources */,
			);
			runOnlyForDeploymentPostprocessing = 0;
		};
/* End PBXSourcesBuildPhase section */

/* Begin PBXTargetDependency section */
		C4CDB9232830E3220000519A /* PBXTargetDependency */ = {
			isa = PBXTargetDependency;
			target = C4CDB9072830E31D0000519A /* Mercury-Store */;
			targetProxy = C4CDB9222830E3220000519A /* PBXContainerItemProxy */;
		};
		C4CDB92D2830E3220000519A /* PBXTargetDependency */ = {
			isa = PBXTargetDependency;
			target = C4CDB9072830E31D0000519A /* Mercury-Store */;
			targetProxy = C4CDB92C2830E3220000519A /* PBXContainerItemProxy */;
		};
/* End PBXTargetDependency section */

/* Begin PBXVariantGroup section */
		C4CDB9192830E3210000519A /* LaunchScreen.storyboard */ = {
			isa = PBXVariantGroup;
			children = (
				C4CDB91A2830E3210000519A /* Base */,
			);
			name = LaunchScreen.storyboard;
			sourceTree = "<group>";
		};
/* End PBXVariantGroup section */

/* Begin XCBuildConfiguration section */
		C4CDB9332830E3220000519A /* Debug */ = {
			isa = XCBuildConfiguration;
			buildSettings = {
				ALWAYS_SEARCH_USER_PATHS = NO;
				CLANG_ANALYZER_NONNULL = YES;
				CLANG_ANALYZER_NUMBER_OBJECT_CONVERSION = YES_AGGRESSIVE;
				CLANG_CXX_LANGUAGE_STANDARD = "gnu++17";
				CLANG_ENABLE_MODULES = YES;
				CLANG_ENABLE_OBJC_ARC = YES;
				CLANG_ENABLE_OBJC_WEAK = YES;
				CLANG_WARN_BLOCK_CAPTURE_AUTORELEASING = YES;
				CLANG_WARN_BOOL_CONVERSION = YES;
				CLANG_WARN_COMMA = YES;
				CLANG_WARN_CONSTANT_CONVERSION = YES;
				CLANG_WARN_DEPRECATED_OBJC_IMPLEMENTATIONS = YES;
				CLANG_WARN_DIRECT_OBJC_ISA_USAGE = YES_ERROR;
				CLANG_WARN_DOCUMENTATION_COMMENTS = YES;
				CLANG_WARN_EMPTY_BODY = YES;
				CLANG_WARN_ENUM_CONVERSION = YES;
				CLANG_WARN_INFINITE_RECURSION = YES;
				CLANG_WARN_INT_CONVERSION = YES;
				CLANG_WARN_NON_LITERAL_NULL_CONVERSION = YES;
				CLANG_WARN_OBJC_IMPLICIT_RETAIN_SELF = YES;
				CLANG_WARN_OBJC_LITERAL_CONVERSION = YES;
				CLANG_WARN_OBJC_ROOT_CLASS = YES_ERROR;
				CLANG_WARN_QUOTED_INCLUDE_IN_FRAMEWORK_HEADER = YES;
				CLANG_WARN_RANGE_LOOP_ANALYSIS = YES;
				CLANG_WARN_STRICT_PROTOTYPES = YES;
				CLANG_WARN_SUSPICIOUS_MOVE = YES;
				CLANG_WARN_UNGUARDED_AVAILABILITY = YES_AGGRESSIVE;
				CLANG_WARN_UNREACHABLE_CODE = YES;
				CLANG_WARN__DUPLICATE_METHOD_MATCH = YES;
				COPY_PHASE_STRIP = NO;
				DEBUG_INFORMATION_FORMAT = dwarf;
				ENABLE_STRICT_OBJC_MSGSEND = YES;
				ENABLE_TESTABILITY = YES;
				GCC_C_LANGUAGE_STANDARD = gnu11;
				GCC_DYNAMIC_NO_PIC = NO;
				GCC_NO_COMMON_BLOCKS = YES;
				GCC_OPTIMIZATION_LEVEL = 0;
				GCC_PREPROCESSOR_DEFINITIONS = (
					"DEBUG=1",
					"$(inherited)",
				);
				GCC_WARN_64_TO_32_BIT_CONVERSION = YES;
				GCC_WARN_ABOUT_RETURN_TYPE = YES_ERROR;
				GCC_WARN_UNDECLARED_SELECTOR = YES;
				GCC_WARN_UNINITIALIZED_AUTOS = YES_AGGRESSIVE;
				GCC_WARN_UNUSED_FUNCTION = YES;
				GCC_WARN_UNUSED_VARIABLE = YES;
				IPHONEOS_DEPLOYMENT_TARGET = 15.4;
				MTL_ENABLE_DEBUG_INFO = INCLUDE_SOURCE;
				MTL_FAST_MATH = YES;
				ONLY_ACTIVE_ARCH = YES;
				SDKROOT = iphoneos;
				SWIFT_ACTIVE_COMPILATION_CONDITIONS = DEBUG;
				SWIFT_OPTIMIZATION_LEVEL = "-Onone";
			};
			name = Debug;
		};
		C4CDB9342830E3220000519A /* Release */ = {
			isa = XCBuildConfiguration;
			buildSettings = {
				ALWAYS_SEARCH_USER_PATHS = NO;
				CLANG_ANALYZER_NONNULL = YES;
				CLANG_ANALYZER_NUMBER_OBJECT_CONVERSION = YES_AGGRESSIVE;
				CLANG_CXX_LANGUAGE_STANDARD = "gnu++17";
				CLANG_ENABLE_MODULES = YES;
				CLANG_ENABLE_OBJC_ARC = YES;
				CLANG_ENABLE_OBJC_WEAK = YES;
				CLANG_WARN_BLOCK_CAPTURE_AUTORELEASING = YES;
				CLANG_WARN_BOOL_CONVERSION = YES;
				CLANG_WARN_COMMA = YES;
				CLANG_WARN_CONSTANT_CONVERSION = YES;
				CLANG_WARN_DEPRECATED_OBJC_IMPLEMENTATIONS = YES;
				CLANG_WARN_DIRECT_OBJC_ISA_USAGE = YES_ERROR;
				CLANG_WARN_DOCUMENTATION_COMMENTS = YES;
				CLANG_WARN_EMPTY_BODY = YES;
				CLANG_WARN_ENUM_CONVERSION = YES;
				CLANG_WARN_INFINITE_RECURSION = YES;
				CLANG_WARN_INT_CONVERSION = YES;
				CLANG_WARN_NON_LITERAL_NULL_CONVERSION = YES;
				CLANG_WARN_OBJC_IMPLICIT_RETAIN_SELF = YES;
				CLANG_WARN_OBJC_LITERAL_CONVERSION = YES;
				CLANG_WARN_OBJC_ROOT_CLASS = YES_ERROR;
				CLANG_WARN_QUOTED_INCLUDE_IN_FRAMEWORK_HEADER = YES;
				CLANG_WARN_RANGE_LOOP_ANALYSIS = YES;
				CLANG_WARN_STRICT_PROTOTYPES = YES;
				CLANG_WARN_SUSPICIOUS_MOVE = YES;
				CLANG_WARN_UNGUARDED_AVAILABILITY = YES_AGGRESSIVE;
				CLANG_WARN_UNREACHABLE_CODE = YES;
				CLANG_WARN__DUPLICATE_METHOD_MATCH = YES;
				COPY_PHASE_STRIP = NO;
				DEBUG_INFORMATION_FORMAT = "dwarf-with-dsym";
				ENABLE_NS_ASSERTIONS = NO;
				ENABLE_STRICT_OBJC_MSGSEND = YES;
				GCC_C_LANGUAGE_STANDARD = gnu11;
				GCC_NO_COMMON_BLOCKS = YES;
				GCC_WARN_64_TO_32_BIT_CONVERSION = YES;
				GCC_WARN_ABOUT_RETURN_TYPE = YES_ERROR;
				GCC_WARN_UNDECLARED_SELECTOR = YES;
				GCC_WARN_UNINITIALIZED_AUTOS = YES_AGGRESSIVE;
				GCC_WARN_UNUSED_FUNCTION = YES;
				GCC_WARN_UNUSED_VARIABLE = YES;
				IPHONEOS_DEPLOYMENT_TARGET = 15.4;
				MTL_ENABLE_DEBUG_INFO = NO;
				MTL_FAST_MATH = YES;
				SDKROOT = iphoneos;
				SWIFT_COMPILATION_MODE = wholemodule;
				SWIFT_OPTIMIZATION_LEVEL = "-O";
				VALIDATE_PRODUCT = YES;
			};
			name = Release;
		};
		C4CDB9362830E3220000519A /* Debug */ = {
			isa = XCBuildConfiguration;
			baseConfigurationReference = 43BFE9847A43A78AD5387540 /* Pods-Mercury-Store.debug.xcconfig */;
			buildSettings = {
				ASSETCATALOG_COMPILER_APPICON_NAME = AppIcon;
				ASSETCATALOG_COMPILER_GLOBAL_ACCENT_COLOR_NAME = AccentColor;
				CODE_SIGN_STYLE = Automatic;
				CURRENT_PROJECT_VERSION = 1;
				DEVELOPMENT_TEAM = KF6D478446;
				GENERATE_INFOPLIST_FILE = YES;
				INFOPLIST_FILE = "Mercury-Store/Info.plist";
				INFOPLIST_KEY_UIApplicationSupportsIndirectInputEvents = YES;
				INFOPLIST_KEY_UILaunchStoryboardName = LaunchScreen;
				INFOPLIST_KEY_UISupportedInterfaceOrientations_iPad = "UIInterfaceOrientationPortrait UIInterfaceOrientationPortraitUpsideDown UIInterfaceOrientationLandscapeLeft UIInterfaceOrientationLandscapeRight";
				INFOPLIST_KEY_UISupportedInterfaceOrientations_iPhone = "UIInterfaceOrientationPortrait UIInterfaceOrientationLandscapeLeft UIInterfaceOrientationLandscapeRight";
				LD_RUNPATH_SEARCH_PATHS = (
					"$(inherited)",
					"@executable_path/Frameworks",
				);
				MARKETING_VERSION = 1.0;
				PRODUCT_BUNDLE_IDENTIFIER = "com.iti.Mercury-Store";
				PRODUCT_NAME = "$(TARGET_NAME)";
				SWIFT_EMIT_LOC_STRINGS = YES;
				SWIFT_VERSION = 5.0;
				TARGETED_DEVICE_FAMILY = "1,2";
			};
			name = Debug;
		};
		C4CDB9372830E3220000519A /* Release */ = {
			isa = XCBuildConfiguration;
			baseConfigurationReference = 18891F1E7F7C989CC0ABBB4A /* Pods-Mercury-Store.release.xcconfig */;
			buildSettings = {
				ASSETCATALOG_COMPILER_APPICON_NAME = AppIcon;
				ASSETCATALOG_COMPILER_GLOBAL_ACCENT_COLOR_NAME = AccentColor;
				CODE_SIGN_STYLE = Automatic;
				CURRENT_PROJECT_VERSION = 1;
				DEVELOPMENT_TEAM = KF6D478446;
				GENERATE_INFOPLIST_FILE = YES;
				INFOPLIST_FILE = "Mercury-Store/Info.plist";
				INFOPLIST_KEY_UIApplicationSupportsIndirectInputEvents = YES;
				INFOPLIST_KEY_UILaunchStoryboardName = LaunchScreen;
				INFOPLIST_KEY_UISupportedInterfaceOrientations_iPad = "UIInterfaceOrientationPortrait UIInterfaceOrientationPortraitUpsideDown UIInterfaceOrientationLandscapeLeft UIInterfaceOrientationLandscapeRight";
				INFOPLIST_KEY_UISupportedInterfaceOrientations_iPhone = "UIInterfaceOrientationPortrait UIInterfaceOrientationLandscapeLeft UIInterfaceOrientationLandscapeRight";
				LD_RUNPATH_SEARCH_PATHS = (
					"$(inherited)",
					"@executable_path/Frameworks",
				);
				MARKETING_VERSION = 1.0;
				PRODUCT_BUNDLE_IDENTIFIER = "com.iti.Mercury-Store";
				PRODUCT_NAME = "$(TARGET_NAME)";
				SWIFT_EMIT_LOC_STRINGS = YES;
				SWIFT_VERSION = 5.0;
				TARGETED_DEVICE_FAMILY = "1,2";
			};
			name = Release;
		};
		C4CDB9392830E3220000519A /* Debug */ = {
			isa = XCBuildConfiguration;
			baseConfigurationReference = 5B035032FD47AF57FEEEC3EA /* Pods-Mercury-StoreTests.debug.xcconfig */;
			buildSettings = {
				ALWAYS_EMBED_SWIFT_STANDARD_LIBRARIES = YES;
				BUNDLE_LOADER = "$(TEST_HOST)";
				CODE_SIGN_STYLE = Automatic;
				CURRENT_PROJECT_VERSION = 1;
				DEVELOPMENT_TEAM = KF6D478446;
				GENERATE_INFOPLIST_FILE = YES;
				IPHONEOS_DEPLOYMENT_TARGET = 15.4;
				MARKETING_VERSION = 1.0;
				PRODUCT_BUNDLE_IDENTIFIER = "com.iti.Mercury-StoreTests";
				PRODUCT_NAME = "$(TARGET_NAME)";
				SWIFT_EMIT_LOC_STRINGS = NO;
				SWIFT_VERSION = 5.0;
				TARGETED_DEVICE_FAMILY = "1,2";
				TEST_HOST = "$(BUILT_PRODUCTS_DIR)/Mercury-Store.app/Mercury-Store";
			};
			name = Debug;
		};
		C4CDB93A2830E3220000519A /* Release */ = {
			isa = XCBuildConfiguration;
			baseConfigurationReference = 3D3553E78E829DC9F7F0B80E /* Pods-Mercury-StoreTests.release.xcconfig */;
			buildSettings = {
				ALWAYS_EMBED_SWIFT_STANDARD_LIBRARIES = YES;
				BUNDLE_LOADER = "$(TEST_HOST)";
				CODE_SIGN_STYLE = Automatic;
				CURRENT_PROJECT_VERSION = 1;
				DEVELOPMENT_TEAM = KF6D478446;
				GENERATE_INFOPLIST_FILE = YES;
				IPHONEOS_DEPLOYMENT_TARGET = 15.4;
				MARKETING_VERSION = 1.0;
				PRODUCT_BUNDLE_IDENTIFIER = "com.iti.Mercury-StoreTests";
				PRODUCT_NAME = "$(TARGET_NAME)";
				SWIFT_EMIT_LOC_STRINGS = NO;
				SWIFT_VERSION = 5.0;
				TARGETED_DEVICE_FAMILY = "1,2";
				TEST_HOST = "$(BUILT_PRODUCTS_DIR)/Mercury-Store.app/Mercury-Store";
			};
			name = Release;
		};
		C4CDB93C2830E3220000519A /* Debug */ = {
			isa = XCBuildConfiguration;
			baseConfigurationReference = 95853295D36B3E1098E3E9CC /* Pods-Mercury-Store-Mercury-StoreUITests.debug.xcconfig */;
			buildSettings = {
				ALWAYS_EMBED_SWIFT_STANDARD_LIBRARIES = YES;
				CODE_SIGN_STYLE = Automatic;
				CURRENT_PROJECT_VERSION = 1;
				DEVELOPMENT_TEAM = KF6D478446;
				GENERATE_INFOPLIST_FILE = YES;
				MARKETING_VERSION = 1.0;
				PRODUCT_BUNDLE_IDENTIFIER = "com.iti.Mercury-StoreUITests";
				PRODUCT_NAME = "$(TARGET_NAME)";
				SWIFT_EMIT_LOC_STRINGS = NO;
				SWIFT_VERSION = 5.0;
				TARGETED_DEVICE_FAMILY = "1,2";
				TEST_TARGET_NAME = "Mercury-Store";
			};
			name = Debug;
		};
		C4CDB93D2830E3220000519A /* Release */ = {
			isa = XCBuildConfiguration;
			baseConfigurationReference = 35B5C42BB6557CDF1AD2E6AE /* Pods-Mercury-Store-Mercury-StoreUITests.release.xcconfig */;
			buildSettings = {
				ALWAYS_EMBED_SWIFT_STANDARD_LIBRARIES = YES;
				CODE_SIGN_STYLE = Automatic;
				CURRENT_PROJECT_VERSION = 1;
				DEVELOPMENT_TEAM = KF6D478446;
				GENERATE_INFOPLIST_FILE = YES;
				MARKETING_VERSION = 1.0;
				PRODUCT_BUNDLE_IDENTIFIER = "com.iti.Mercury-StoreUITests";
				PRODUCT_NAME = "$(TARGET_NAME)";
				SWIFT_EMIT_LOC_STRINGS = NO;
				SWIFT_VERSION = 5.0;
				TARGETED_DEVICE_FAMILY = "1,2";
				TEST_TARGET_NAME = "Mercury-Store";
			};
			name = Release;
		};
/* End XCBuildConfiguration section */

/* Begin XCConfigurationList section */
		C4CDB9032830E31D0000519A /* Build configuration list for PBXProject "Mercury-Store" */ = {
			isa = XCConfigurationList;
			buildConfigurations = (
				C4CDB9332830E3220000519A /* Debug */,
				C4CDB9342830E3220000519A /* Release */,
			);
			defaultConfigurationIsVisible = 0;
			defaultConfigurationName = Release;
		};
		C4CDB9352830E3220000519A /* Build configuration list for PBXNativeTarget "Mercury-Store" */ = {
			isa = XCConfigurationList;
			buildConfigurations = (
				C4CDB9362830E3220000519A /* Debug */,
				C4CDB9372830E3220000519A /* Release */,
			);
			defaultConfigurationIsVisible = 0;
			defaultConfigurationName = Release;
		};
		C4CDB9382830E3220000519A /* Build configuration list for PBXNativeTarget "Mercury-StoreTests" */ = {
			isa = XCConfigurationList;
			buildConfigurations = (
				C4CDB9392830E3220000519A /* Debug */,
				C4CDB93A2830E3220000519A /* Release */,
			);
			defaultConfigurationIsVisible = 0;
			defaultConfigurationName = Release;
		};
		C4CDB93B2830E3220000519A /* Build configuration list for PBXNativeTarget "Mercury-StoreUITests" */ = {
			isa = XCConfigurationList;
			buildConfigurations = (
				C4CDB93C2830E3220000519A /* Debug */,
				C4CDB93D2830E3220000519A /* Release */,
			);
			defaultConfigurationIsVisible = 0;
			defaultConfigurationName = Release;
		};
/* End XCConfigurationList section */

/* Begin XCVersionGroup section */
		C4CDB9142830E31D0000519A /* Mercury_Store.xcdatamodeld */ = {
			isa = XCVersionGroup;
			children = (
				C4CDB9152830E31D0000519A /* Mercury_Store.xcdatamodel */,
			);
			currentVersion = C4CDB9152830E31D0000519A /* Mercury_Store.xcdatamodel */;
			path = Mercury_Store.xcdatamodeld;
			sourceTree = "<group>";
			versionGroupType = wrapper.xcdatamodel;
		};
/* End XCVersionGroup section */
	};
	rootObject = C4CDB9002830E31D0000519A /* Project object */;
}
